// !$*UTF8*$!
{
	archiveVersion = 1;
	classes = {
	};
	objectVersion = 46;
	objects = {

/* Begin PBXBuildFile section */
		03F528631B447098000F4FB8 /* Il2CppOptions.cpp in Sources */ = {isa = PBXBuildFile; fileRef = 03F528621B447098000F4FB8 /* Il2CppOptions.cpp */; };
		04654A7687D57C1EA0BC068E /* Il2CppGenericInstDefinitions.cpp in Sources */ = {isa = PBXBuildFile; fileRef = C7AA46A9BFD7BFA4FE5931AA /* Il2CppGenericInstDefinitions.cpp */; };
		05A740F6A3C400D790AF9156 /* Bulk_Generics_0.cpp in Sources */ = {isa = PBXBuildFile; fileRef = BE874443B23840B5C680E889 /* Bulk_Generics_0.cpp */; };
		062B43E0953ED583CEB1DB0D /* Bulk_System_1.cpp in Sources */ = {isa = PBXBuildFile; fileRef = B74849BC82FAEC3316CB6F36 /* Bulk_System_1.cpp */; };
		06B34C38AF5ED961E286C685 /* Il2CppMethodPointerTable.cpp in Sources */ = {isa = PBXBuildFile; fileRef = 37B649C8A1406789968CFAB5 /* Il2CppMethodPointerTable.cpp */; };
		08344FC483EC2F47D90E19A3 /* LaunchScreen-iPhonePortrait.png in Resources */ = {isa = PBXBuildFile; fileRef = 63BE4C0A98032D37B911AC27 /* LaunchScreen-iPhonePortrait.png */; };
		08B24F76137BFDFA00FBA309 /* iAd.framework in Frameworks */ = {isa = PBXBuildFile; fileRef = 08B24F75137BFDFA00FBA309 /* iAd.framework */; settings = {ATTRIBUTES = (Weak, ); }; };
		100044CFA165C305AC265E2E /* Il2CppMarshalingFunctionsTable.cpp in Sources */ = {isa = PBXBuildFile; fileRef = 4E8B4204B556C30CF0FCA6D1 /* Il2CppMarshalingFunctionsTable.cpp */; };
		10E64F5F98BC5F37C5ECA15E /* Bulk_mscorlib_2.cpp in Sources */ = {isa = PBXBuildFile; fileRef = 35F14235B9572FDFE40DC925 /* Bulk_mscorlib_2.cpp */; };
		12894B70AD50B31BD6FF23E6 /* Bulk_Generics_2.cpp in Sources */ = {isa = PBXBuildFile; fileRef = A7E048D5887B37ECC5CF474A /* Bulk_Generics_2.cpp */; };
		17E04A40967B626155617094 /* Bulk_Assembly-CSharp_0.cpp in Sources */ = {isa = PBXBuildFile; fileRef = E3264AAE9296E904692DB50B /* Bulk_Assembly-CSharp_0.cpp */; };
		1859EA9B19214E7B0022C3D3 /* MetalHelper.mm in Sources */ = {isa = PBXBuildFile; fileRef = 1859EA9A19214E7B0022C3D3 /* MetalHelper.mm */; };
		1BC242829513BF78E4A51F7A /* Il2CppTypeDefinitions.cpp in Sources */ = {isa = PBXBuildFile; fileRef = 816E4C21B64815B40DD62876 /* Il2CppTypeDefinitions.cpp */; };
		1D60589F0D05DD5A006BFB54 /* Foundation.framework in Frameworks */ = {isa = PBXBuildFile; fileRef = 1D30AB110D05D00D00671497 /* Foundation.framework */; };
		2198485A867A07D6E4E54E77 /* Bulk_Mono.Security_1.cpp in Sources */ = {isa = PBXBuildFile; fileRef = 278B4561B76BDF34318163D1 /* Bulk_Mono.Security_1.cpp */; };
		22174CEF9F5CF751E60179A5 /* libQCARUnityPlayer.a in Frameworks */ = {isa = PBXBuildFile; fileRef = 259740A2B5FC08869E3947E6 /* libQCARUnityPlayer.a */; };
		2A5B42BF8917A71532127AFC /* web.config in Resources */ = {isa = PBXBuildFile; fileRef = 38DD4B0E93C56CB19789081F /* web.config */; };
		2ABA4C5EA4F23EC958F06F90 /* Bulk_System_0.cpp in Sources */ = {isa = PBXBuildFile; fileRef = 83434046B408A9CBD7B97E35 /* Bulk_System_0.cpp */; };
		2FC448758AFE16B5A03F0651 /* global-metadata.dat in Resources */ = {isa = PBXBuildFile; fileRef = 15084AF9A2969977DAA29AE9 /* global-metadata.dat */; };
		30DC4E69918533B1D3F19D92 /* GenericMethods0.cpp in Sources */ = {isa = PBXBuildFile; fileRef = 032B4F82A2CEA89514C264D7 /* GenericMethods0.cpp */; };
		363C4FF5814532263EE4855B /* Bulk_Generics_5.cpp in Sources */ = {isa = PBXBuildFile; fileRef = 2F9941E2B0CBAB74DDCF05E0 /* Bulk_Generics_5.cpp */; };
		37994D77BDFA7055C1E4A498 /* Bulk_mscorlib_3.cpp in Sources */ = {isa = PBXBuildFile; fileRef = 043E44778D8CF75EEA83D23D /* Bulk_mscorlib_3.cpp */; };
		37E5454687ED087DD4D6BFC8 /* Il2CppGenericClassTable.cpp in Sources */ = {isa = PBXBuildFile; fileRef = 73794EDDBEA21CA5BFCA226E /* Il2CppGenericClassTable.cpp */; };
		38414BFF9260E6C24A1400BB /* DefaultWsdlHelpGenerator.aspx in Resources */ = {isa = PBXBuildFile; fileRef = 511347E293C5C730C9270C99 /* DefaultWsdlHelpGenerator.aspx */; };
		3BDC4E1A894F57FDDBC841EF /* Bulk_Qualcomm.Vuforia.UnityExtensions_0.cpp in Sources */ = {isa = PBXBuildFile; fileRef = 82884BC5A0F04E70082BB8D9 /* Bulk_Qualcomm.Vuforia.UnityExtensions_0.cpp */; };
		3DCD4138BA3FECC35812D8BB /* Il2CppMetadataUsage.cpp in Sources */ = {isa = PBXBuildFile; fileRef = A8B64D69ACF3F55B9FB9670D /* Il2CppMetadataUsage.cpp */; };
		49054D988747FBEEB72FA0DF /* VuforiaNativeRendererController.mm in Sources */ = {isa = PBXBuildFile; fileRef = 75E1474388285E8509F1A722 /* VuforiaNativeRendererController.mm */; };
		4A2C4A249CFE745020A9F1EA /* LaunchScreen-iPhoneLandscape.png in Resources */ = {isa = PBXBuildFile; fileRef = 33D843799E1E377E174906A9 /* LaunchScreen-iPhoneLandscape.png */; };
		4C254C9FB3DEEA31130FE42F /* Il2CppGenericMethodPointerTable.cpp in Sources */ = {isa = PBXBuildFile; fileRef = 160442E6BE2004AF1628A308 /* Il2CppGenericMethodPointerTable.cpp */; };
		4E4048E8A182FBD19F1D7275 /* Il2CppMethodReferences.cpp in Sources */ = {isa = PBXBuildFile; fileRef = FB064DF392EAF32710552EE5 /* Il2CppMethodReferences.cpp */; };
		51AE46949D28C3CF08391A4A /* LaunchScreen-iPhone.xib in Resources */ = {isa = PBXBuildFile; fileRef = CB1C48B696029D273D9E3C9C /* LaunchScreen-iPhone.xib */; };
		52F54772AFB3EC4F01FE88D0 /* LaunchScreen-iPad.png in Resources */ = {isa = PBXBuildFile; fileRef = 584642A9BB2ABB1D12C0C3AC /* LaunchScreen-iPad.png */; };
		5623C57617FDCB0800090B9E /* Foundation.framework in Frameworks */ = {isa = PBXBuildFile; fileRef = 1D30AB110D05D00D00671497 /* Foundation.framework */; };
		5623C57717FDCB0800090B9E /* UIKit.framework in Frameworks */ = {isa = PBXBuildFile; fileRef = 830B5C100E5ED4C100C7819F /* UIKit.framework */; };
		5623C57D17FDCB0900090B9E = {isa = PBXBuildFile; fileRef = 5623C57B17FDCB0900090B9E /* InfoPlist.strings */; };
		5623C57F17FDCB0900090B9E /* Unity_iPhone_Tests.m in Sources */ = {isa = PBXBuildFile; fileRef = 5623C57E17FDCB0900090B9E /* Unity_iPhone_Tests.m */; };
		5682F4B20F3B34FF007A219C /* MediaPlayer.framework in Frameworks */ = {isa = PBXBuildFile; fileRef = 5682F4B10F3B34FF007A219C /* MediaPlayer.framework */; };
		5692F3DD0FA9D8E500EBA2F1 /* CoreLocation.framework in Frameworks */ = {isa = PBXBuildFile; fileRef = 5692F3DC0FA9D8E500EBA2F1 /* CoreLocation.framework */; };
		56B7959B1442E0F20026B3DD /* CoreGraphics.framework in Frameworks */ = {isa = PBXBuildFile; fileRef = 56B7959A1442E0F20026B3DD /* CoreGraphics.framework */; };
		56B7960F1442E1770026B3DD /* CoreMotion.framework in Frameworks */ = {isa = PBXBuildFile; fileRef = 56B795C11442E1100026B3DD /* CoreMotion.framework */; settings = {ATTRIBUTES = (Weak, ); }; };
		56BCBA390FCF049A0030C3B2 /* SystemConfiguration.framework in Frameworks */ = {isa = PBXBuildFile; fileRef = 56BCBA380FCF049A0030C3B2 /* SystemConfiguration.framework */; };
		56C56C9817D6015200616839 /* Images.xcassets in Resources */ = {isa = PBXBuildFile; fileRef = 56C56C9717D6015100616839 /* Images.xcassets */; };
		56DBF99D15E3CDC9007A4A8D /* iPhone_Sensors.mm in Sources */ = {isa = PBXBuildFile; fileRef = 56DBF99C15E3CDC9007A4A8D /* iPhone_Sensors.mm */; };
		56FD43960ED4745200FE3770 /* CFNetwork.framework in Frameworks */ = {isa = PBXBuildFile; fileRef = 56FD43950ED4745200FE3770 /* CFNetwork.framework */; };
		5E53475694F865679F66473E /* Il2CppGenericMethodDefinitions.cpp in Sources */ = {isa = PBXBuildFile; fileRef = D58F4817B1444E4973B35914 /* Il2CppGenericMethodDefinitions.cpp */; };
		5FED4A85A20214D061A6BA91 /* Bulk_mscorlib_6.cpp in Sources */ = {isa = PBXBuildFile; fileRef = D3134D64B38BD4A69184289D /* Bulk_mscorlib_6.cpp */; };
		64D947B7AB80EB976D685E2D /* Bulk_Generics_4.cpp in Sources */ = {isa = PBXBuildFile; fileRef = E3704B59977769BCB410987C /* Bulk_Generics_4.cpp */; };
		688F463E8C3C2A755549E774 /* Il2CppInvokerTable.cpp in Sources */ = {isa = PBXBuildFile; fileRef = 458843AF9D6BCD94DBB39293 /* Il2CppInvokerTable.cpp */; };
		713A47DE8243846B7BE7E5D7 /* UnityICallRegistration.cpp in Sources */ = {isa = PBXBuildFile; fileRef = FF3745D18C758428D7262585 /* UnityICallRegistration.cpp */; };
		72094628AC96B564FB9808F8 /* config in Resources */ = {isa = PBXBuildFile; fileRef = 03024DBEA0613009ECAEBAB0 /* config */; };
		7F36C11113C5C673007FBDD9 /* CoreMedia.framework in Frameworks */ = {isa = PBXBuildFile; fileRef = 7F36C10E13C5C673007FBDD9 /* CoreMedia.framework */; };
		7F36C11213C5C673007FBDD9 /* CoreVideo.framework in Frameworks */ = {isa = PBXBuildFile; fileRef = 7F36C10F13C5C673007FBDD9 /* CoreVideo.framework */; };
		7F36C11313C5C673007FBDD9 /* AVFoundation.framework in Frameworks */ = {isa = PBXBuildFile; fileRef = 7F36C11013C5C673007FBDD9 /* AVFoundation.framework */; settings = {ATTRIBUTES = (Weak, ); }; };
		81BD4647BFEEA6EDD28BA7DA /* libiPhone-lib.a in Frameworks */ = {isa = PBXBuildFile; fileRef = B1FD4ACBA59B098E9F512C7D /* libiPhone-lib.a */; };
		830B5C110E5ED4C100C7819F /* UIKit.framework in Frameworks */ = {isa = PBXBuildFile; fileRef = 830B5C100E5ED4C100C7819F /* UIKit.framework */; };
		8358D1B80ED1CC3700E3A684 /* AudioToolbox.framework in Frameworks */ = {isa = PBXBuildFile; fileRef = 8358D1B70ED1CC3700E3A684 /* AudioToolbox.framework */; };
		83B256E20E62FEA000468741 /* OpenGLES.framework in Frameworks */ = {isa = PBXBuildFile; fileRef = 83B256E10E62FEA000468741 /* OpenGLES.framework */; };
		83B2570B0E62FF8A00468741 /* QuartzCore.framework in Frameworks */ = {isa = PBXBuildFile; fileRef = 83B2570A0E62FF8A00468741 /* QuartzCore.framework */; };
		83B2574C0E63022200468741 /* OpenAL.framework in Frameworks */ = {isa = PBXBuildFile; fileRef = 83B2574B0E63022200468741 /* OpenAL.framework */; };
		83B2574F0E63025400468741 /* libiconv.2.dylib in Frameworks */ = {isa = PBXBuildFile; fileRef = 83B2574E0E63025400468741 /* libiconv.2.dylib */; };
		860844A5958D15478098698D /* settings.map in Resources */ = {isa = PBXBuildFile; fileRef = 626A4C17A811F4B842769EA1 /* settings.map */; };
		87F34C8E966117C0A036AFC5 /* Bulk_Generics_1.cpp in Sources */ = {isa = PBXBuildFile; fileRef = 72FC4356A080D82417A3FDE7 /* Bulk_Generics_1.cpp */; };
		88F4430CA43D1A9F00DC888E /* Il2CppGenericMethodTable.cpp in Sources */ = {isa = PBXBuildFile; fileRef = 641A465DB81A72F9341A6430 /* Il2CppGenericMethodTable.cpp */; };
		88FD4D768EC23B7EE2D329CB /* GenericMethods1.cpp in Sources */ = {isa = PBXBuildFile; fileRef = E2874623A95AEBB99231FFE7 /* GenericMethods1.cpp */; };
		8A07E1061715A5AB000EDC6F /* iAD.mm in Sources */ = {isa = PBXBuildFile; fileRef = 8A07E1051715A5AB000EDC6F /* iAD.mm */; };
		8A0FED491649699200E9727D /* EAGLContextHelper.mm in Sources */ = {isa = PBXBuildFile; fileRef = 8A0FED481649699200E9727D /* EAGLContextHelper.mm */; };
		8A142DC61636943E00DD87CA /* Keyboard.mm in Sources */ = {isa = PBXBuildFile; fileRef = 8A142DC51636943E00DD87CA /* Keyboard.mm */; };
		8A16150C1A8E4362006FA788 /* MPVideoPlayer.mm in Sources */ = {isa = PBXBuildFile; fileRef = 8A16150B1A8E4362006FA788 /* MPVideoPlayer.mm */; };
		8A1FFFAD16512A9000DD0934 /* GlesHelper.mm in Sources */ = {isa = PBXBuildFile; fileRef = 8A1FFFAC16512A9000DD0934 /* GlesHelper.mm */; };
		8A21AED41622F59300AF8007 /* UnityViewControllerBase.mm in Sources */ = {isa = PBXBuildFile; fileRef = 8A21AED31622F59300AF8007 /* UnityViewControllerBase.mm */; };
		8A25E6D218D767E20006A227 /* Filesystem.mm in Sources */ = {isa = PBXBuildFile; fileRef = 8A25E6D118D767E20006A227 /* Filesystem.mm */; };
		8A2AA93516E0978D001FB470 /* CMVideoSampling.mm in Sources */ = {isa = PBXBuildFile; fileRef = 8A2AA93416E0978D001FB470 /* CMVideoSampling.mm */; };
		8A367F5B16A6D36F0012ED11 /* CVTextureCache.mm in Sources */ = {isa = PBXBuildFile; fileRef = 8A367F5A16A6D36F0012ED11 /* CVTextureCache.mm */; };
		8A3EDDC81615B7C1001839E9 /* SplashScreen.mm in Sources */ = {isa = PBXBuildFile; fileRef = 8A3EDDC71615B7C1001839E9 /* SplashScreen.mm */; };
		8A4815C117A28E7F003FBFD5 /* UnityAppController+ViewHandling.mm in Sources */ = {isa = PBXBuildFile; fileRef = 8A4815C017A287D2003FBFD5 /* UnityAppController+ViewHandling.mm */; };
		8A5C1492174E662D0006EB36 /* RenderPluginDelegate.mm in Sources */ = {isa = PBXBuildFile; fileRef = 8A5C1491174E662D0006EB36 /* RenderPluginDelegate.mm */; };
		8A5E0B9116849D1800CBB6FE /* DisplayManager.mm in Sources */ = {isa = PBXBuildFile; fileRef = 8A5E0B9016849D1800CBB6FE /* DisplayManager.mm */; };
		8A6137141A10BCA200059EDF /* ObjCRuntime.mm in Sources */ = {isa = PBXBuildFile; fileRef = 8A6137131A10BCA200059EDF /* ObjCRuntime.mm */; };
		8A6720A519EEB905006C92E0 /* InternalProfiler.cpp in Sources */ = {isa = PBXBuildFile; fileRef = 8A6720A319EEB905006C92E0 /* InternalProfiler.cpp */; };
		8A7057D1171EA29600A1332D /* iAD_Scripting.mm in Sources */ = {isa = PBXBuildFile; fileRef = 8A7057D0171EA29600A1332D /* iAD_Scripting.mm */; };
		8A851BA716FB2F6D00E911DB /* UnityView.mm in Sources */ = {isa = PBXBuildFile; fileRef = 8A851BA616FB2F6D00E911DB /* UnityView.mm */; };
		8A851BAA16FB3AD000E911DB /* UnityAppController.mm in Sources */ = {isa = PBXBuildFile; fileRef = 8A851BA916FB3AD000E911DB /* UnityAppController.mm */; };
		8A8D90DA1A274A7800456C4E /* UnityAppController+UnityInterface.mm in Sources */ = {isa = PBXBuildFile; fileRef = 8A8D90D91A274A7800456C4E /* UnityAppController+UnityInterface.mm */; };
		8A9FCB131617295F00C05364 /* ActivityIndicator.mm in Sources */ = {isa = PBXBuildFile; fileRef = 8A9FCB121617295F00C05364 /* ActivityIndicator.mm */; };
		8AA568AE1827DD79004969C7 /* WWWConnection.mm in Sources */ = {isa = PBXBuildFile; fileRef = 8AA568AD1827DD79004969C7 /* WWWConnection.mm */; };
		8AA5D80217ABE9AF007B9910 /* UnityAppController+Rendering.mm in Sources */ = {isa = PBXBuildFile; fileRef = 8AA5D80117ABE9AF007B9910 /* UnityAppController+Rendering.mm */; };
		8AB3CB3E16D390BB00697AD5 /* VideoPlayer.mm in Sources */ = {isa = PBXBuildFile; fileRef = 8AB3CB3D16D390BB00697AD5 /* VideoPlayer.mm */; };
		8AC71EC419E7FBA90027502F /* OrientationSupport.mm in Sources */ = {isa = PBXBuildFile; fileRef = 8AC71EC319E7FBA90027502F /* OrientationSupport.mm */; };
		8AC74A9519B47FEF00019D38 /* AVCapture.mm in Sources */ = {isa = PBXBuildFile; fileRef = 8AC74A9419B47FEF00019D38 /* AVCapture.mm */; };
		8ACB801C177081D4005D0019 /* DeviceSettings.mm in Sources */ = {isa = PBXBuildFile; fileRef = 8ACB801B177081D4005D0019 /* DeviceSettings.mm */; };
		8ADCE38B19C87177006F04F6 /* CameraCapture.mm in Sources */ = {isa = PBXBuildFile; fileRef = 8ADCE38A19C87177006F04F6 /* CameraCapture.mm */; };
		8AF7755D1799329100341121 /* LifeCycleListener.mm in Sources */ = {isa = PBXBuildFile; fileRef = 8A292A9817992CE100409BA4 /* LifeCycleListener.mm */; };
		8AF7756017997D2700341121 /* AppDelegateListener.mm in Sources */ = {isa = PBXBuildFile; fileRef = 8AF7755F17997D1300341121 /* AppDelegateListener.mm */; };
		8B674BBDB3FF8308B042B140 /* Il2CppDelegateWrappersManagedToNativeTable.cpp in Sources */ = {isa = PBXBuildFile; fileRef = AAE44F0A885EAABDC5D21948 /* Il2CppDelegateWrappersManagedToNativeTable.cpp */; };
		91B547E89BA21E3C708DDE11 /* config.xml in Resources */ = {isa = PBXBuildFile; fileRef = 09174C0E8837DBCBACF15B4E /* config.xml */; };
		999475201A7BC3AE00178130 /* UnityAdsUnityWrapper.mm in Sources */ = {isa = PBXBuildFile; fileRef = 9994751F1A7BC3AE00178130 /* UnityAdsUnityWrapper.mm */; };
		9E4D4823B0977C544BB98D1E /* Bulk_mscorlib_7.cpp in Sources */ = {isa = PBXBuildFile; fileRef = CEF947B4A8919AA6AF514A4A /* Bulk_mscorlib_7.cpp */; };
		A08843968D07FAB52531EC20 /* Bulk_Mono.Security_0.cpp in Sources */ = {isa = PBXBuildFile; fileRef = 0F474F5DAF8443AC4ACBE5D6 /* Bulk_Mono.Security_0.cpp */; };
		A8FE4C13ACC8B332D7B61FE8 /* Bulk_UnityEngine_1.cpp in Sources */ = {isa = PBXBuildFile; fileRef = E7FE4B3A8194688DF76044E3 /* Bulk_UnityEngine_1.cpp */; };
		AA31BF971B55660D0013FB1B /* Data in Resources */ = {isa = PBXBuildFile; fileRef = AA31BF961B55660D0013FB1B /* Data */; };
		AA5D99871AFAD3C800B27605 /* CoreText.framework in Frameworks */ = {isa = PBXBuildFile; fileRef = AA5D99861AFAD3C800B27605 /* CoreText.framework */; };
		AA6C5DF91A13842A0030E49A = {isa = PBXBuildFile; fileRef = AA6C5DF71A13842A0030E49A /* LaunchScreenImage-Landscape.png */; };
		AA6C5DFA1A13842A0030E49A = {isa = PBXBuildFile; fileRef = AA6C5DF81A13842A0030E49A /* LaunchScreenImage-Portrait.png */; };
		AAB447E3B3D460A2FA9D3806 /* Il2CppMetadataRegistration.cpp in Sources */ = {isa = PBXBuildFile; fileRef = 13C443DF93784709F9C7DBA6 /* Il2CppMetadataRegistration.cpp */; };
		AAC3E38D1A68945900F6174A /* RegisterFeatures.cpp in Sources */ = {isa = PBXBuildFile; fileRef = AAC3E38B1A68945900F6174A /* RegisterFeatures.cpp */; };
		AAFE69D219F187C200638316 /* UnityViewControllerListener.mm in Sources */ = {isa = PBXBuildFile; fileRef = AAFE69D119F187C200638316 /* UnityViewControllerListener.mm */; };
		AC344A3E98F568D8CBE37E4D /* VuforiaRenderDelegate.mm in Sources */ = {isa = PBXBuildFile; fileRef = F7374261AA210B5119D11F8D /* VuforiaRenderDelegate.mm */; };
		AD3F4DA7AE1364E8EAC415BD /* DefaultWsdlHelpGenerator.aspx in Resources */ = {isa = PBXBuildFile; fileRef = 40A848F9803F4341B258E20C /* DefaultWsdlHelpGenerator.aspx */; };
		B0C84832AE545DE5ADB31A85 /* LaunchScreen-iPad.xib in Resources */ = {isa = PBXBuildFile; fileRef = A8FF482FA7F7B38971C39914 /* LaunchScreen-iPad.xib */; };
		B660498891AD2243B7D69837 /* machine.config in Resources */ = {isa = PBXBuildFile; fileRef = 462B48A9B62905438329233F /* machine.config */; };
		B6B2406FA88B0A801EB4976D /* libVuforia.a in Frameworks */ = {isa = PBXBuildFile; fileRef = 95D64E0E9C356B1A8D71FC84 /* libVuforia.a */; };
		B7934FD79EC3E27F59711964 /* Bulk_Assembly-UnityScript_0.cpp in Sources */ = {isa = PBXBuildFile; fileRef = 1C144F6AB54125BC9402CB89 /* Bulk_Assembly-UnityScript_0.cpp */; };
		B7FA4D778778745974A5DA2F /* Bulk_UnityEngine_2.cpp in Sources */ = {isa = PBXBuildFile; fileRef = 3B1F46928F6B5D9239FA34D9 /* Bulk_UnityEngine_2.cpp */; };
		B9464AC3BB4D77B1C0E418C1 /* Bulk_mscorlib_5.cpp in Sources */ = {isa = PBXBuildFile; fileRef = EB0F4CE7B3FB0FD6A5C5D069 /* Bulk_mscorlib_5.cpp */; };
		BB88458DBD37B98327BAF187 /* Bulk_Qualcomm.Vuforia.UnityExtensions_1.cpp in Sources */ = {isa = PBXBuildFile; fileRef = 2D204EF8B2841278281CC810 /* Bulk_Qualcomm.Vuforia.UnityExtensions_1.cpp */; };
		C7884156B14D1B5D48551468 /* Bulk_mscorlib_0.cpp in Sources */ = {isa = PBXBuildFile; fileRef = AAC64F3EB20217D9421E54C7 /* Bulk_mscorlib_0.cpp */; };
		CC7A434BBD7CEDAFD231DD76 /* QCARWrapper.bundle in Resources */ = {isa = PBXBuildFile; fileRef = 8B7C4FD9940F32E360C32C6A /* QCARWrapper.bundle */; };
		CC9FCA1D1445D76E004F4DC3 /* QCAR in Resources */ = {isa = PBXBuildFile; fileRef = CC9FCA171445D76E004F4DC3 /* QCAR */; };
		CCD348DDA48AC16AB5B9514D /* Bulk_Generics_6.cpp in Sources */ = {isa = PBXBuildFile; fileRef = 61ED4E688CCC9D6F5C4F4F17 /* Bulk_Generics_6.cpp */; };
		CCE8C2BA135C7EA3000D8035 /* Security.framework in Frameworks */ = {isa = PBXBuildFile; fileRef = CCE8C2B9135C7EA3000D8035 /* Security.framework */; };
		CD38420FBCE520D416CB64FD /* Bulk_System.Core_0.cpp in Sources */ = {isa = PBXBuildFile; fileRef = 3B4E4C41882E82DF50C9CD2B /* Bulk_System.Core_0.cpp */; };
		CDCC4BD8BA126B5EAA3E9C59 /* Bulk_mscorlib_1.cpp in Sources */ = {isa = PBXBuildFile; fileRef = 5D984EDCA011B0B4D290057E /* Bulk_mscorlib_1.cpp */; };
		CE974D278EED21E5CEB50088 /* browscap.ini in Resources */ = {isa = PBXBuildFile; fileRef = FF0B42E2808011CD1BA9D4E9 /* browscap.ini */; };
		D3304B8E8A749DAED3DDCF21 /* Bulk_Generics_3.cpp in Sources */ = {isa = PBXBuildFile; fileRef = A1574FBFBDC10D9F52476B94 /* Bulk_Generics_3.cpp */; };
		D82DCFC30E8000A5005D6AD8 /* main.mm in Sources */ = {isa = PBXBuildFile; fileRef = D82DCFBB0E8000A5005D6AD8 /* main.mm */; };
		D8A1C7280E80637F000160D3 /* RegisterMonoModules.cpp in Sources */ = {isa = PBXBuildFile; fileRef = D8A1C7240E80637F000160D3 /* RegisterMonoModules.cpp */; };
		DC2B4911B9563A6F860643A5 /* Bulk_mscorlib_4.cpp in Sources */ = {isa = PBXBuildFile; fileRef = BDBC41DB835619FABD88EBC4 /* Bulk_mscorlib_4.cpp */; };
		DF754282B5862D7C8DDB9308 /* Bulk_UnityEngine_0.cpp in Sources */ = {isa = PBXBuildFile; fileRef = 6F6A421C9BCED68A7866A889 /* Bulk_UnityEngine_0.cpp */; };
		E1844098B138A057B5083705 /* machine.config in Resources */ = {isa = PBXBuildFile; fileRef = F7C94065A9C418ADF1C4E00A /* machine.config */; };
		E86D405D839CE6012D2CC845 /* Il2CppCodeRegistration.cpp in Sources */ = {isa = PBXBuildFile; fileRef = 7F564CEAB4D0728C89DB9C9A /* Il2CppCodeRegistration.cpp */; };
		EE134F46B6FA959D96C79A24 /* Il2CppAttributes.cpp in Sources */ = {isa = PBXBuildFile; fileRef = 84E340408E155284A4A4866F /* Il2CppAttributes.cpp */; };
		F2544952AC882B5AAC8DAB87 /* Il2CppCompilerCalculateTypeValuesTable.cpp in Sources */ = {isa = PBXBuildFile; fileRef = F7F247359BCCADE0D4DFD400 /* Il2CppCompilerCalculateTypeValuesTable.cpp */; };
		FAA544769798543CDB121C87 /* Compat.browser in Resources */ = {isa = PBXBuildFile; fileRef = C10649E3A9A308025203FD2B /* Compat.browser */; };
		FC0B20A21B7A4F0B00FDFC55 /* OnDemandResources.mm in Sources */ = {isa = PBXBuildFile; fileRef = FC0B20A11B7A4F0B00FDFC55 /* OnDemandResources.mm */; };
		FC85CCBB16C3ED8000BAF7C7 /* CrashReporter.mm in Sources */ = {isa = PBXBuildFile; fileRef = FC85CCB916C3ED8000BAF7C7 /* CrashReporter.mm */; };
		FD1A49CAAD03658B1E73E0FC /* UnityClassRegistration.cpp in Sources */ = {isa = PBXBuildFile; fileRef = FBF24F3580BBE7BE9D5D1203 /* UnityClassRegistration.cpp */; };
/* End PBXBuildFile section */

/* Begin PBXContainerItemProxy section */
		5623C58117FDCB0900090B9E /* PBXContainerItemProxy */ = {
			isa = PBXContainerItemProxy;
			containerPortal = 29B97313FDCFA39411CA2CEA /* Project object */;
			proxyType = 1;
			remoteGlobalIDString = 1D6058900D05DD3D006BFB54;
			remoteInfo = "Unity-iPhone";
		};
/* End PBXContainerItemProxy section */

/* Begin PBXCopyFilesBuildPhase section */
		83D0C1FD0E6C8D7700EBCE5D /* CopyFiles */ = {
			isa = PBXCopyFilesBuildPhase;
			buildActionMask = 2147483647;
			dstPath = "";
			dstSubfolderSpec = 0;
			files = (
			);
			runOnlyForDeploymentPostprocessing = 0;
		};
/* End PBXCopyFilesBuildPhase section */

/* Begin PBXFileReference section */
		03024DBEA0613009ECAEBAB0 /* config */ = {isa = PBXFileReference; lastKnownFileType = file; name = config; path = Classes/Native/Data/etc/mono/config; sourceTree = SOURCE_ROOT; };
		032B4F82A2CEA89514C264D7 /* GenericMethods0.cpp */ = {isa = PBXFileReference; lastKnownFileType = sourcecode.cpp.cpp; name = GenericMethods0.cpp; path = Classes/Native/GenericMethods0.cpp; sourceTree = SOURCE_ROOT; };
		03F528621B447098000F4FB8 /* Il2CppOptions.cpp */ = {isa = PBXFileReference; fileEncoding = 4; lastKnownFileType = sourcecode.cpp.cpp; path = Il2CppOptions.cpp; sourceTree = "<group>"; };
		043E44778D8CF75EEA83D23D /* Bulk_mscorlib_3.cpp */ = {isa = PBXFileReference; lastKnownFileType = sourcecode.cpp.cpp; name = Bulk_mscorlib_3.cpp; path = Classes/Native/Bulk_mscorlib_3.cpp; sourceTree = SOURCE_ROOT; };
		08B24F75137BFDFA00FBA309 /* iAd.framework */ = {isa = PBXFileReference; lastKnownFileType = wrapper.framework; name = iAd.framework; path = System/Library/Frameworks/iAd.framework; sourceTree = SDKROOT; };
		09174C0E8837DBCBACF15B4E /* config.xml */ = {isa = PBXFileReference; lastKnownFileType = file; name = config.xml; path = Classes/Native/Data/etc/mono/mconfig/config.xml; sourceTree = SOURCE_ROOT; };
		0F474F5DAF8443AC4ACBE5D6 /* Bulk_Mono.Security_0.cpp */ = {isa = PBXFileReference; lastKnownFileType = sourcecode.cpp.cpp; name = Bulk_Mono.Security_0.cpp; path = Classes/Native/Bulk_Mono.Security_0.cpp; sourceTree = SOURCE_ROOT; };
		13C443DF93784709F9C7DBA6 /* Il2CppMetadataRegistration.cpp */ = {isa = PBXFileReference; lastKnownFileType = sourcecode.cpp.cpp; name = Il2CppMetadataRegistration.cpp; path = Classes/Native/Il2CppMetadataRegistration.cpp; sourceTree = SOURCE_ROOT; };
		15084AF9A2969977DAA29AE9 /* global-metadata.dat */ = {isa = PBXFileReference; lastKnownFileType = file; name = "global-metadata.dat"; path = "Classes/Native/Data/Metadata/global-metadata.dat"; sourceTree = SOURCE_ROOT; };
		160442E6BE2004AF1628A308 /* Il2CppGenericMethodPointerTable.cpp */ = {isa = PBXFileReference; lastKnownFileType = sourcecode.cpp.cpp; name = Il2CppGenericMethodPointerTable.cpp; path = Classes/Native/Il2CppGenericMethodPointerTable.cpp; sourceTree = SOURCE_ROOT; };
		1859EA9A19214E7B0022C3D3 /* MetalHelper.mm */ = {isa = PBXFileReference; fileEncoding = 4; lastKnownFileType = sourcecode.cpp.objcpp; path = MetalHelper.mm; sourceTree = "<group>"; };
		1C144F6AB54125BC9402CB89 /* Bulk_Assembly-UnityScript_0.cpp */ = {isa = PBXFileReference; lastKnownFileType = sourcecode.cpp.cpp; name = "Bulk_Assembly-UnityScript_0.cpp"; path = "Classes/Native/Bulk_Assembly-UnityScript_0.cpp"; sourceTree = SOURCE_ROOT; };
		1D30AB110D05D00D00671497 /* Foundation.framework */ = {isa = PBXFileReference; lastKnownFileType = wrapper.framework; name = Foundation.framework; path = System/Library/Frameworks/Foundation.framework; sourceTree = SDKROOT; };
		1D6058910D05DD3D006BFB54 /* Unity-Target-New.app */ = {isa = PBXFileReference; explicitFileType = wrapper.application; includeInIndex = 0; path = "Unity-Target-New.app"; sourceTree = BUILT_PRODUCTS_DIR; };
		259740A2B5FC08869E3947E6 /* libQCARUnityPlayer.a */ = {isa = PBXFileReference; lastKnownFileType = archive.ar; name = libQCARUnityPlayer.a; path = Libraries/Plugins/iOS/libQCARUnityPlayer.a; sourceTree = SOURCE_ROOT; };
		278B4561B76BDF34318163D1 /* Bulk_Mono.Security_1.cpp */ = {isa = PBXFileReference; lastKnownFileType = sourcecode.cpp.cpp; name = Bulk_Mono.Security_1.cpp; path = Classes/Native/Bulk_Mono.Security_1.cpp; sourceTree = SOURCE_ROOT; };
		2D204EF8B2841278281CC810 /* Bulk_Qualcomm.Vuforia.UnityExtensions_1.cpp */ = {isa = PBXFileReference; lastKnownFileType = sourcecode.cpp.cpp; name = Bulk_Qualcomm.Vuforia.UnityExtensions_1.cpp; path = Classes/Native/Bulk_Qualcomm.Vuforia.UnityExtensions_1.cpp; sourceTree = SOURCE_ROOT; };
		2F9941E2B0CBAB74DDCF05E0 /* Bulk_Generics_5.cpp */ = {isa = PBXFileReference; lastKnownFileType = sourcecode.cpp.cpp; name = Bulk_Generics_5.cpp; path = Classes/Native/Bulk_Generics_5.cpp; sourceTree = SOURCE_ROOT; };
		33D843799E1E377E174906A9 /* LaunchScreen-iPhoneLandscape.png */ = {isa = PBXFileReference; lastKnownFileType = image.png; path = "LaunchScreen-iPhoneLandscape.png"; sourceTree = SOURCE_ROOT; };
		35F14235B9572FDFE40DC925 /* Bulk_mscorlib_2.cpp */ = {isa = PBXFileReference; lastKnownFileType = sourcecode.cpp.cpp; name = Bulk_mscorlib_2.cpp; path = Classes/Native/Bulk_mscorlib_2.cpp; sourceTree = SOURCE_ROOT; };
		37B649C8A1406789968CFAB5 /* Il2CppMethodPointerTable.cpp */ = {isa = PBXFileReference; lastKnownFileType = sourcecode.cpp.cpp; name = Il2CppMethodPointerTable.cpp; path = Classes/Native/Il2CppMethodPointerTable.cpp; sourceTree = SOURCE_ROOT; };
		38DD4B0E93C56CB19789081F /* web.config */ = {isa = PBXFileReference; lastKnownFileType = file; name = web.config; path = Classes/Native/Data/etc/mono/2.0/web.config; sourceTree = SOURCE_ROOT; };
		3B1F46928F6B5D9239FA34D9 /* Bulk_UnityEngine_2.cpp */ = {isa = PBXFileReference; lastKnownFileType = sourcecode.cpp.cpp; name = Bulk_UnityEngine_2.cpp; path = Classes/Native/Bulk_UnityEngine_2.cpp; sourceTree = SOURCE_ROOT; };
		3B4E4C41882E82DF50C9CD2B /* Bulk_System.Core_0.cpp */ = {isa = PBXFileReference; lastKnownFileType = sourcecode.cpp.cpp; name = Bulk_System.Core_0.cpp; path = Classes/Native/Bulk_System.Core_0.cpp; sourceTree = SOURCE_ROOT; };
		40A848F9803F4341B258E20C /* DefaultWsdlHelpGenerator.aspx */ = {isa = PBXFileReference; lastKnownFileType = file; name = DefaultWsdlHelpGenerator.aspx; path = Classes/Native/Data/etc/mono/1.0/DefaultWsdlHelpGenerator.aspx; sourceTree = SOURCE_ROOT; };
		458843AF9D6BCD94DBB39293 /* Il2CppInvokerTable.cpp */ = {isa = PBXFileReference; lastKnownFileType = sourcecode.cpp.cpp; name = Il2CppInvokerTable.cpp; path = Classes/Native/Il2CppInvokerTable.cpp; sourceTree = SOURCE_ROOT; };
		462B48A9B62905438329233F /* machine.config */ = {isa = PBXFileReference; lastKnownFileType = file; name = machine.config; path = Classes/Native/Data/etc/mono/2.0/machine.config; sourceTree = SOURCE_ROOT; };
		4E8B4204B556C30CF0FCA6D1 /* Il2CppMarshalingFunctionsTable.cpp */ = {isa = PBXFileReference; lastKnownFileType = sourcecode.cpp.cpp; name = Il2CppMarshalingFunctionsTable.cpp; path = Classes/Native/Il2CppMarshalingFunctionsTable.cpp; sourceTree = SOURCE_ROOT; };
		511347E293C5C730C9270C99 /* DefaultWsdlHelpGenerator.aspx */ = {isa = PBXFileReference; lastKnownFileType = file; name = DefaultWsdlHelpGenerator.aspx; path = Classes/Native/Data/etc/mono/2.0/DefaultWsdlHelpGenerator.aspx; sourceTree = SOURCE_ROOT; };
		5623C57317FDCB0800090B9E /* Unity-iPhone Tests.octest */ = {isa = PBXFileReference; explicitFileType = wrapper.cfbundle; includeInIndex = 0; path = "Unity-iPhone Tests.octest"; sourceTree = BUILT_PRODUCTS_DIR; };
		5623C57A17FDCB0900090B9E /* Unity-iPhone Tests-Info.plist */ = {isa = PBXFileReference; lastKnownFileType = text.plist.xml; path = "Unity-iPhone Tests-Info.plist"; sourceTree = "<group>"; };
		5623C57C17FDCB0900090B9E /* en */ = {isa = PBXFileReference; lastKnownFileType = text.plist.strings; name = en; path = en.lproj/InfoPlist.strings; sourceTree = "<group>"; };
		5623C57E17FDCB0900090B9E /* Unity_iPhone_Tests.m */ = {isa = PBXFileReference; lastKnownFileType = sourcecode.c.objc; path = Unity_iPhone_Tests.m; sourceTree = "<group>"; };
		5623C58017FDCB0900090B9E /* Unity-iPhone Tests-Prefix.pch */ = {isa = PBXFileReference; lastKnownFileType = sourcecode.c.h; path = "Unity-iPhone Tests-Prefix.pch"; sourceTree = "<group>"; };
		5682F4B10F3B34FF007A219C /* MediaPlayer.framework */ = {isa = PBXFileReference; lastKnownFileType = wrapper.framework; name = MediaPlayer.framework; path = System/Library/Frameworks/MediaPlayer.framework; sourceTree = SDKROOT; };
		5692F3DC0FA9D8E500EBA2F1 /* CoreLocation.framework */ = {isa = PBXFileReference; lastKnownFileType = wrapper.framework; name = CoreLocation.framework; path = System/Library/Frameworks/CoreLocation.framework; sourceTree = SDKROOT; };
		56B7959A1442E0F20026B3DD /* CoreGraphics.framework */ = {isa = PBXFileReference; lastKnownFileType = wrapper.framework; name = CoreGraphics.framework; path = System/Library/Frameworks/CoreGraphics.framework; sourceTree = SDKROOT; };
		56B795C11442E1100026B3DD /* CoreMotion.framework */ = {isa = PBXFileReference; lastKnownFileType = wrapper.framework; name = CoreMotion.framework; path = System/Library/Frameworks/CoreMotion.framework; sourceTree = SDKROOT; };
		56BCBA380FCF049A0030C3B2 /* SystemConfiguration.framework */ = {isa = PBXFileReference; lastKnownFileType = wrapper.framework; name = SystemConfiguration.framework; path = System/Library/Frameworks/SystemConfiguration.framework; sourceTree = SDKROOT; };
		56C56C9717D6015100616839 /* Images.xcassets */ = {isa = PBXFileReference; lastKnownFileType = folder.assetcatalog; name = Images.xcassets; path = "Unity-iPhone/Images.xcassets"; sourceTree = "<group>"; };
		56DBF99C15E3CDC9007A4A8D /* iPhone_Sensors.mm */ = {isa = PBXFileReference; fileEncoding = 4; lastKnownFileType = sourcecode.cpp.objcpp; path = iPhone_Sensors.mm; sourceTree = "<group>"; };
		56DBF99E15E3CE85007A4A8D /* iPhone_Sensors.h */ = {isa = PBXFileReference; fileEncoding = 4; lastKnownFileType = sourcecode.c.h; path = iPhone_Sensors.h; sourceTree = "<group>"; };
		56FD43950ED4745200FE3770 /* CFNetwork.framework */ = {isa = PBXFileReference; lastKnownFileType = wrapper.framework; name = CFNetwork.framework; path = System/Library/Frameworks/CFNetwork.framework; sourceTree = SDKROOT; };
		584642A9BB2ABB1D12C0C3AC /* LaunchScreen-iPad.png */ = {isa = PBXFileReference; lastKnownFileType = image.png; path = "LaunchScreen-iPad.png"; sourceTree = SOURCE_ROOT; };
		5D984EDCA011B0B4D290057E /* Bulk_mscorlib_1.cpp */ = {isa = PBXFileReference; lastKnownFileType = sourcecode.cpp.cpp; name = Bulk_mscorlib_1.cpp; path = Classes/Native/Bulk_mscorlib_1.cpp; sourceTree = SOURCE_ROOT; };
		61ED4E688CCC9D6F5C4F4F17 /* Bulk_Generics_6.cpp */ = {isa = PBXFileReference; lastKnownFileType = sourcecode.cpp.cpp; name = Bulk_Generics_6.cpp; path = Classes/Native/Bulk_Generics_6.cpp; sourceTree = SOURCE_ROOT; };
		626A4C17A811F4B842769EA1 /* settings.map */ = {isa = PBXFileReference; lastKnownFileType = file; name = settings.map; path = Classes/Native/Data/etc/mono/2.0/settings.map; sourceTree = SOURCE_ROOT; };
		63BE4C0A98032D37B911AC27 /* LaunchScreen-iPhonePortrait.png */ = {isa = PBXFileReference; lastKnownFileType = image.png; path = "LaunchScreen-iPhonePortrait.png"; sourceTree = SOURCE_ROOT; };
		641A465DB81A72F9341A6430 /* Il2CppGenericMethodTable.cpp */ = {isa = PBXFileReference; lastKnownFileType = sourcecode.cpp.cpp; name = Il2CppGenericMethodTable.cpp; path = Classes/Native/Il2CppGenericMethodTable.cpp; sourceTree = SOURCE_ROOT; };
		6F6A421C9BCED68A7866A889 /* Bulk_UnityEngine_0.cpp */ = {isa = PBXFileReference; lastKnownFileType = sourcecode.cpp.cpp; name = Bulk_UnityEngine_0.cpp; path = Classes/Native/Bulk_UnityEngine_0.cpp; sourceTree = SOURCE_ROOT; };
		72FC4356A080D82417A3FDE7 /* Bulk_Generics_1.cpp */ = {isa = PBXFileReference; lastKnownFileType = sourcecode.cpp.cpp; name = Bulk_Generics_1.cpp; path = Classes/Native/Bulk_Generics_1.cpp; sourceTree = SOURCE_ROOT; };
		73794EDDBEA21CA5BFCA226E /* Il2CppGenericClassTable.cpp */ = {isa = PBXFileReference; lastKnownFileType = sourcecode.cpp.cpp; name = Il2CppGenericClassTable.cpp; path = Classes/Native/Il2CppGenericClassTable.cpp; sourceTree = SOURCE_ROOT; };
		7576462F95F3CB9ED6A5172F /* VuforiaRenderDelegate.h */ = {isa = PBXFileReference; lastKnownFileType = sourcecode.c.h; name = VuforiaRenderDelegate.h; path = Libraries/Plugins/iOS/VuforiaRenderDelegate.h; sourceTree = SOURCE_ROOT; };
		75E1474388285E8509F1A722 /* VuforiaNativeRendererController.mm */ = {isa = PBXFileReference; lastKnownFileType = sourcecode.cpp.objcpp; name = VuforiaNativeRendererController.mm; path = Libraries/Plugins/iOS/VuforiaNativeRendererController.mm; sourceTree = SOURCE_ROOT; };
		7F36C10E13C5C673007FBDD9 /* CoreMedia.framework */ = {isa = PBXFileReference; lastKnownFileType = wrapper.framework; name = CoreMedia.framework; path = System/Library/Frameworks/CoreMedia.framework; sourceTree = SDKROOT; };
		7F36C10F13C5C673007FBDD9 /* CoreVideo.framework */ = {isa = PBXFileReference; lastKnownFileType = wrapper.framework; name = CoreVideo.framework; path = System/Library/Frameworks/CoreVideo.framework; sourceTree = SDKROOT; };
		7F36C11013C5C673007FBDD9 /* AVFoundation.framework */ = {isa = PBXFileReference; lastKnownFileType = wrapper.framework; name = AVFoundation.framework; path = System/Library/Frameworks/AVFoundation.framework; sourceTree = SDKROOT; };
		7F564CEAB4D0728C89DB9C9A /* Il2CppCodeRegistration.cpp */ = {isa = PBXFileReference; lastKnownFileType = sourcecode.cpp.cpp; name = Il2CppCodeRegistration.cpp; path = Classes/Native/Il2CppCodeRegistration.cpp; sourceTree = SOURCE_ROOT; };
		816E4C21B64815B40DD62876 /* Il2CppTypeDefinitions.cpp */ = {isa = PBXFileReference; lastKnownFileType = sourcecode.cpp.cpp; name = Il2CppTypeDefinitions.cpp; path = Classes/Native/Il2CppTypeDefinitions.cpp; sourceTree = SOURCE_ROOT; };
		82884BC5A0F04E70082BB8D9 /* Bulk_Qualcomm.Vuforia.UnityExtensions_0.cpp */ = {isa = PBXFileReference; lastKnownFileType = sourcecode.cpp.cpp; name = Bulk_Qualcomm.Vuforia.UnityExtensions_0.cpp; path = Classes/Native/Bulk_Qualcomm.Vuforia.UnityExtensions_0.cpp; sourceTree = SOURCE_ROOT; };
		830B5C100E5ED4C100C7819F /* UIKit.framework */ = {isa = PBXFileReference; lastKnownFileType = wrapper.framework; name = UIKit.framework; path = System/Library/Frameworks/UIKit.framework; sourceTree = SDKROOT; };
		83434046B408A9CBD7B97E35 /* Bulk_System_0.cpp */ = {isa = PBXFileReference; lastKnownFileType = sourcecode.cpp.cpp; name = Bulk_System_0.cpp; path = Classes/Native/Bulk_System_0.cpp; sourceTree = SOURCE_ROOT; };
		8358D1B70ED1CC3700E3A684 /* AudioToolbox.framework */ = {isa = PBXFileReference; lastKnownFileType = wrapper.framework; name = AudioToolbox.framework; path = System/Library/Frameworks/AudioToolbox.framework; sourceTree = SDKROOT; };
		83B256E10E62FEA000468741 /* OpenGLES.framework */ = {isa = PBXFileReference; lastKnownFileType = wrapper.framework; name = OpenGLES.framework; path = System/Library/Frameworks/OpenGLES.framework; sourceTree = SDKROOT; };
		83B2570A0E62FF8A00468741 /* QuartzCore.framework */ = {isa = PBXFileReference; lastKnownFileType = wrapper.framework; name = QuartzCore.framework; path = System/Library/Frameworks/QuartzCore.framework; sourceTree = SDKROOT; };
		83B2574B0E63022200468741 /* OpenAL.framework */ = {isa = PBXFileReference; lastKnownFileType = wrapper.framework; name = OpenAL.framework; path = System/Library/Frameworks/OpenAL.framework; sourceTree = SDKROOT; };
		83B2574E0E63025400468741 /* libiconv.2.dylib */ = {isa = PBXFileReference; lastKnownFileType = "compiled.mach-o.dylib"; name = libiconv.2.dylib; path = usr/lib/libiconv.2.dylib; sourceTree = SDKROOT; };
		84E340408E155284A4A4866F /* Il2CppAttributes.cpp */ = {isa = PBXFileReference; lastKnownFileType = sourcecode.cpp.cpp; name = Il2CppAttributes.cpp; path = Classes/Native/Il2CppAttributes.cpp; sourceTree = SOURCE_ROOT; };
		8A07E1041715A5AB000EDC6F /* iAD.h */ = {isa = PBXFileReference; fileEncoding = 4; lastKnownFileType = sourcecode.c.h; path = iAD.h; sourceTree = "<group>"; };
		8A07E1051715A5AB000EDC6F /* iAD.mm */ = {isa = PBXFileReference; fileEncoding = 4; lastKnownFileType = sourcecode.cpp.objcpp; path = iAD.mm; sourceTree = "<group>"; };
		8A0FED471649699200E9727D /* EAGLContextHelper.h */ = {isa = PBXFileReference; fileEncoding = 4; lastKnownFileType = sourcecode.c.h; path = EAGLContextHelper.h; sourceTree = "<group>"; };
		8A0FED481649699200E9727D /* EAGLContextHelper.mm */ = {isa = PBXFileReference; fileEncoding = 4; lastKnownFileType = sourcecode.cpp.objcpp; path = EAGLContextHelper.mm; sourceTree = "<group>"; };
		8A142DC41636943E00DD87CA /* Keyboard.h */ = {isa = PBXFileReference; fileEncoding = 4; lastKnownFileType = sourcecode.c.h; path = Keyboard.h; sourceTree = "<group>"; };
		8A142DC51636943E00DD87CA /* Keyboard.mm */ = {isa = PBXFileReference; fileEncoding = 4; lastKnownFileType = sourcecode.cpp.objcpp; path = Keyboard.mm; sourceTree = "<group>"; };
		8A16150B1A8E4362006FA788 /* MPVideoPlayer.mm */ = {isa = PBXFileReference; fileEncoding = 4; lastKnownFileType = sourcecode.cpp.objcpp; path = MPVideoPlayer.mm; sourceTree = "<group>"; };
		8A1FFFAB16512A9000DD0934 /* GlesHelper.h */ = {isa = PBXFileReference; fileEncoding = 4; lastKnownFileType = sourcecode.c.h; path = GlesHelper.h; sourceTree = "<group>"; };
		8A1FFFAC16512A9000DD0934 /* GlesHelper.mm */ = {isa = PBXFileReference; fileEncoding = 4; lastKnownFileType = sourcecode.cpp.objcpp; path = GlesHelper.mm; sourceTree = "<group>"; };
		8A21AED21622F59300AF8007 /* UnityViewControllerBase.h */ = {isa = PBXFileReference; fileEncoding = 4; lastKnownFileType = sourcecode.c.h; path = UnityViewControllerBase.h; sourceTree = "<group>"; };
		8A21AED31622F59300AF8007 /* UnityViewControllerBase.mm */ = {isa = PBXFileReference; fileEncoding = 4; lastKnownFileType = sourcecode.cpp.objcpp; path = UnityViewControllerBase.mm; sourceTree = "<group>"; };
		8A25E6D118D767E20006A227 /* Filesystem.mm */ = {isa = PBXFileReference; fileEncoding = 4; lastKnownFileType = sourcecode.cpp.objcpp; path = Filesystem.mm; sourceTree = "<group>"; };
		8A292A9717992CE100409BA4 /* LifeCycleListener.h */ = {isa = PBXFileReference; lastKnownFileType = sourcecode.c.h; path = LifeCycleListener.h; sourceTree = "<group>"; };
		8A292A9817992CE100409BA4 /* LifeCycleListener.mm */ = {isa = PBXFileReference; lastKnownFileType = sourcecode.cpp.objcpp; path = LifeCycleListener.mm; sourceTree = "<group>"; };
		8A2AA93316E0978D001FB470 /* CMVideoSampling.h */ = {isa = PBXFileReference; fileEncoding = 4; lastKnownFileType = sourcecode.c.h; path = CMVideoSampling.h; sourceTree = "<group>"; };
		8A2AA93416E0978D001FB470 /* CMVideoSampling.mm */ = {isa = PBXFileReference; fileEncoding = 4; lastKnownFileType = sourcecode.cpp.objcpp; path = CMVideoSampling.mm; sourceTree = "<group>"; };
		8A367F5916A6D36F0012ED11 /* CVTextureCache.h */ = {isa = PBXFileReference; fileEncoding = 4; lastKnownFileType = sourcecode.c.h; path = CVTextureCache.h; sourceTree = "<group>"; };
		8A367F5A16A6D36F0012ED11 /* CVTextureCache.mm */ = {isa = PBXFileReference; fileEncoding = 4; lastKnownFileType = sourcecode.cpp.objcpp; path = CVTextureCache.mm; sourceTree = "<group>"; };
		8A3EDDC61615B7C1001839E9 /* SplashScreen.h */ = {isa = PBXFileReference; fileEncoding = 4; lastKnownFileType = sourcecode.c.h; path = SplashScreen.h; sourceTree = "<group>"; };
		8A3EDDC71615B7C1001839E9 /* SplashScreen.mm */ = {isa = PBXFileReference; fileEncoding = 4; lastKnownFileType = sourcecode.cpp.objcpp; path = SplashScreen.mm; sourceTree = "<group>"; };
		8A4815BF17A287D2003FBFD5 /* UnityAppController+ViewHandling.h */ = {isa = PBXFileReference; lastKnownFileType = sourcecode.c.h; path = "UnityAppController+ViewHandling.h"; sourceTree = "<group>"; };
		8A4815C017A287D2003FBFD5 /* UnityAppController+ViewHandling.mm */ = {isa = PBXFileReference; lastKnownFileType = sourcecode.cpp.objcpp; path = "UnityAppController+ViewHandling.mm"; sourceTree = "<group>"; };
		8A5C1490174E662D0006EB36 /* RenderPluginDelegate.h */ = {isa = PBXFileReference; fileEncoding = 4; lastKnownFileType = sourcecode.c.h; path = RenderPluginDelegate.h; sourceTree = "<group>"; };
		8A5C1491174E662D0006EB36 /* RenderPluginDelegate.mm */ = {isa = PBXFileReference; fileEncoding = 4; lastKnownFileType = sourcecode.cpp.objcpp; path = RenderPluginDelegate.mm; sourceTree = "<group>"; };
		8A5E0B8F16849D1800CBB6FE /* DisplayManager.h */ = {isa = PBXFileReference; fileEncoding = 4; lastKnownFileType = sourcecode.c.h; path = DisplayManager.h; sourceTree = "<group>"; };
		8A5E0B9016849D1800CBB6FE /* DisplayManager.mm */ = {isa = PBXFileReference; fileEncoding = 4; lastKnownFileType = sourcecode.cpp.objcpp; path = DisplayManager.mm; sourceTree = "<group>"; };
		8A6137121A10B57700059EDF /* ObjCRuntime.h */ = {isa = PBXFileReference; fileEncoding = 4; lastKnownFileType = sourcecode.c.h; path = ObjCRuntime.h; sourceTree = "<group>"; };
		8A6137131A10BCA200059EDF /* ObjCRuntime.mm */ = {isa = PBXFileReference; fileEncoding = 4; lastKnownFileType = sourcecode.cpp.objcpp; path = ObjCRuntime.mm; sourceTree = "<group>"; };
		8A6720A319EEB905006C92E0 /* InternalProfiler.cpp */ = {isa = PBXFileReference; fileEncoding = 4; lastKnownFileType = sourcecode.cpp.cpp; path = InternalProfiler.cpp; sourceTree = "<group>"; };
		8A6720A419EEB905006C92E0 /* InternalProfiler.h */ = {isa = PBXFileReference; fileEncoding = 4; lastKnownFileType = sourcecode.c.h; path = InternalProfiler.h; sourceTree = "<group>"; };
		8A6720A619EFAF25006C92E0 /* Prefix.pch */ = {isa = PBXFileReference; fileEncoding = 4; lastKnownFileType = sourcecode.c.h; path = Prefix.pch; sourceTree = "<group>"; };
		8A7057D0171EA29600A1332D /* iAD_Scripting.mm */ = {isa = PBXFileReference; fileEncoding = 4; lastKnownFileType = sourcecode.cpp.objcpp; path = iAD_Scripting.mm; sourceTree = "<group>"; };
		8A851BA516FB2F6D00E911DB /* UnityView.h */ = {isa = PBXFileReference; fileEncoding = 4; lastKnownFileType = sourcecode.c.h; path = UnityView.h; sourceTree = "<group>"; };
		8A851BA616FB2F6D00E911DB /* UnityView.mm */ = {isa = PBXFileReference; fileEncoding = 4; lastKnownFileType = sourcecode.cpp.objcpp; path = UnityView.mm; sourceTree = "<group>"; };
		8A851BA816FB3AD000E911DB /* UnityAppController.h */ = {isa = PBXFileReference; fileEncoding = 4; lastKnownFileType = sourcecode.c.h; path = UnityAppController.h; sourceTree = "<group>"; };
		8A851BA916FB3AD000E911DB /* UnityAppController.mm */ = {isa = PBXFileReference; fileEncoding = 4; lastKnownFileType = sourcecode.cpp.objcpp; path = UnityAppController.mm; sourceTree = "<group>"; };
		8A851BAB16FC875E00E911DB /* UnityInterface.h */ = {isa = PBXFileReference; fileEncoding = 4; lastKnownFileType = sourcecode.c.h; path = UnityInterface.h; sourceTree = "<group>"; };
		8A8D90D81A274A7800456C4E /* UnityAppController+UnityInterface.h */ = {isa = PBXFileReference; fileEncoding = 4; lastKnownFileType = sourcecode.c.h; path = "UnityAppController+UnityInterface.h"; sourceTree = "<group>"; };
		8A8D90D91A274A7800456C4E /* UnityAppController+UnityInterface.mm */ = {isa = PBXFileReference; fileEncoding = 4; lastKnownFileType = sourcecode.cpp.objcpp; path = "UnityAppController+UnityInterface.mm"; sourceTree = "<group>"; };
		8A90541019EE8843003D1039 /* UnityForwardDecls.h */ = {isa = PBXFileReference; fileEncoding = 4; lastKnownFileType = sourcecode.c.h; path = UnityForwardDecls.h; sourceTree = "<group>"; };
		8A9FCB111617295F00C05364 /* ActivityIndicator.h */ = {isa = PBXFileReference; fileEncoding = 4; lastKnownFileType = sourcecode.c.h; path = ActivityIndicator.h; sourceTree = "<group>"; };
		8A9FCB121617295F00C05364 /* ActivityIndicator.mm */ = {isa = PBXFileReference; fileEncoding = 4; lastKnownFileType = sourcecode.cpp.objcpp; path = ActivityIndicator.mm; sourceTree = "<group>"; };
		8AA108C01948732900D0538B /* UnityRendering.h */ = {isa = PBXFileReference; fileEncoding = 4; lastKnownFileType = sourcecode.c.h; path = UnityRendering.h; sourceTree = "<group>"; };
		8AA568AC1827DD79004969C7 /* WWWConnection.h */ = {isa = PBXFileReference; fileEncoding = 4; lastKnownFileType = sourcecode.c.h; path = WWWConnection.h; sourceTree = "<group>"; };
		8AA568AD1827DD79004969C7 /* WWWConnection.mm */ = {isa = PBXFileReference; fileEncoding = 4; lastKnownFileType = sourcecode.cpp.objcpp; path = WWWConnection.mm; sourceTree = "<group>"; };
		8AA5D80017ABE9AF007B9910 /* UnityAppController+Rendering.h */ = {isa = PBXFileReference; fileEncoding = 4; lastKnownFileType = sourcecode.c.h; path = "UnityAppController+Rendering.h"; sourceTree = "<group>"; };
		8AA5D80117ABE9AF007B9910 /* UnityAppController+Rendering.mm */ = {isa = PBXFileReference; fileEncoding = 4; lastKnownFileType = sourcecode.cpp.objcpp; path = "UnityAppController+Rendering.mm"; sourceTree = "<group>"; };
		8AA6ADDB17818CFD00A1C5F1 /* UnityTrampolineConfigure.h */ = {isa = PBXFileReference; lastKnownFileType = sourcecode.c.h; path = UnityTrampolineConfigure.h; sourceTree = "<group>"; };
		8AB3CB3C16D390BA00697AD5 /* VideoPlayer.h */ = {isa = PBXFileReference; fileEncoding = 4; lastKnownFileType = sourcecode.c.h; path = VideoPlayer.h; sourceTree = "<group>"; };
		8AB3CB3D16D390BB00697AD5 /* VideoPlayer.mm */ = {isa = PBXFileReference; fileEncoding = 4; lastKnownFileType = sourcecode.cpp.objcpp; path = VideoPlayer.mm; sourceTree = "<group>"; };
		8ABDBCE019CAFCF700A842FF /* AVCapture.h */ = {isa = PBXFileReference; fileEncoding = 4; lastKnownFileType = sourcecode.c.h; path = AVCapture.h; sourceTree = "<group>"; };
		8AC71EC219E7FBA90027502F /* OrientationSupport.h */ = {isa = PBXFileReference; fileEncoding = 4; lastKnownFileType = sourcecode.c.h; path = OrientationSupport.h; sourceTree = "<group>"; };
		8AC71EC319E7FBA90027502F /* OrientationSupport.mm */ = {isa = PBXFileReference; fileEncoding = 4; lastKnownFileType = sourcecode.cpp.objcpp; path = OrientationSupport.mm; sourceTree = "<group>"; };
		8AC74A9419B47FEF00019D38 /* AVCapture.mm */ = {isa = PBXFileReference; fileEncoding = 4; lastKnownFileType = sourcecode.cpp.objcpp; path = AVCapture.mm; sourceTree = "<group>"; };
		8ACB801B177081D4005D0019 /* DeviceSettings.mm */ = {isa = PBXFileReference; fileEncoding = 4; lastKnownFileType = sourcecode.cpp.objcpp; path = DeviceSettings.mm; sourceTree = "<group>"; };
		8ACB801D177081F7005D0019 /* Preprocessor.h */ = {isa = PBXFileReference; fileEncoding = 4; lastKnownFileType = sourcecode.c.h; path = Preprocessor.h; sourceTree = "<group>"; };
		8ADCE38919C87177006F04F6 /* CameraCapture.h */ = {isa = PBXFileReference; fileEncoding = 4; lastKnownFileType = sourcecode.c.h; path = CameraCapture.h; sourceTree = "<group>"; };
		8ADCE38A19C87177006F04F6 /* CameraCapture.mm */ = {isa = PBXFileReference; fileEncoding = 4; lastKnownFileType = sourcecode.cpp.objcpp; path = CameraCapture.mm; sourceTree = "<group>"; };
		8AECDC781950835600CB29E8 /* UnityMetalSupport.h */ = {isa = PBXFileReference; fileEncoding = 4; lastKnownFileType = sourcecode.c.h; path = UnityMetalSupport.h; sourceTree = "<group>"; };
		8AF7755E17997D1300341121 /* AppDelegateListener.h */ = {isa = PBXFileReference; lastKnownFileType = sourcecode.c.h; path = AppDelegateListener.h; sourceTree = "<group>"; };
		8AF7755F17997D1300341121 /* AppDelegateListener.mm */ = {isa = PBXFileReference; lastKnownFileType = sourcecode.cpp.objcpp; path = AppDelegateListener.mm; sourceTree = "<group>"; };
		8B7C4FD9940F32E360C32C6A /* QCARWrapper.bundle */ = {isa = PBXFileReference; lastKnownFileType = "wrapper.plug-in"; name = QCARWrapper.bundle; path = Frameworks/Plugins/QCARWrapper.bundle; sourceTree = SOURCE_ROOT; };
		8D1107310486CEB800E47090 /* Info.plist */ = {isa = PBXFileReference; fileEncoding = 4; lastKnownFileType = text.plist.xml; path = Info.plist; sourceTree = "<group>"; };
		95D64E0E9C356B1A8D71FC84 /* libVuforia.a */ = {isa = PBXFileReference; lastKnownFileType = archive.ar; name = libVuforia.a; path = Libraries/Plugins/iOS/libVuforia.a; sourceTree = SOURCE_ROOT; };
		9994751E1A7BC3AE00178130 /* UnityAdsUnityWrapper.h */ = {isa = PBXFileReference; fileEncoding = 4; lastKnownFileType = sourcecode.c.h; name = UnityAdsUnityWrapper.h; path = UnityAds/UnityAdsUnityWrapper.h; sourceTree = "<group>"; };
		9994751F1A7BC3AE00178130 /* UnityAdsUnityWrapper.mm */ = {isa = PBXFileReference; fileEncoding = 4; lastKnownFileType = sourcecode.cpp.objcpp; name = UnityAdsUnityWrapper.mm; path = UnityAds/UnityAdsUnityWrapper.mm; sourceTree = "<group>"; };
		999475381A80DBC300178130 /* UnityAdsConfig.h */ = {isa = PBXFileReference; fileEncoding = 4; lastKnownFileType = sourcecode.c.h; name = UnityAdsConfig.h; path = UnityAds/UnityAdsConfig.h; sourceTree = "<group>"; };
		A1574FBFBDC10D9F52476B94 /* Bulk_Generics_3.cpp */ = {isa = PBXFileReference; lastKnownFileType = sourcecode.cpp.cpp; name = Bulk_Generics_3.cpp; path = Classes/Native/Bulk_Generics_3.cpp; sourceTree = SOURCE_ROOT; };
		A7E048D5887B37ECC5CF474A /* Bulk_Generics_2.cpp */ = {isa = PBXFileReference; lastKnownFileType = sourcecode.cpp.cpp; name = Bulk_Generics_2.cpp; path = Classes/Native/Bulk_Generics_2.cpp; sourceTree = SOURCE_ROOT; };
		A8B64D69ACF3F55B9FB9670D /* Il2CppMetadataUsage.cpp */ = {isa = PBXFileReference; lastKnownFileType = sourcecode.cpp.cpp; name = Il2CppMetadataUsage.cpp; path = Classes/Native/Il2CppMetadataUsage.cpp; sourceTree = SOURCE_ROOT; };
		A8FF482FA7F7B38971C39914 /* LaunchScreen-iPad.xib */ = {isa = PBXFileReference; lastKnownFileType = file.xib; path = "LaunchScreen-iPad.xib"; sourceTree = SOURCE_ROOT; };
		AA31BF961B55660D0013FB1B /* Data */ = {isa = PBXFileReference; lastKnownFileType = folder; path = Data; sourceTree = "<group>"; };
		AA5D99861AFAD3C800B27605 /* CoreText.framework */ = {isa = PBXFileReference; lastKnownFileType = wrapper.framework; name = CoreText.framework; path = System/Library/Frameworks/CoreText.framework; sourceTree = SDKROOT; };
		AA6C5DF71A13842A0030E49A /* LaunchScreenImage-Landscape.png */ = {isa = PBXFileReference; lastKnownFileType = image.png; path = "LaunchScreenImage-Landscape.png"; sourceTree = "<group>"; };
		AA6C5DF81A13842A0030E49A /* LaunchScreenImage-Portrait.png */ = {isa = PBXFileReference; lastKnownFileType = image.png; path = "LaunchScreenImage-Portrait.png"; sourceTree = "<group>"; };
		AAC3E38B1A68945900F6174A /* RegisterFeatures.cpp */ = {isa = PBXFileReference; fileEncoding = 4; lastKnownFileType = sourcecode.cpp.cpp; path = RegisterFeatures.cpp; sourceTree = "<group>"; };
		AAC3E38C1A68945900F6174A /* RegisterFeatures.h */ = {isa = PBXFileReference; fileEncoding = 4; lastKnownFileType = sourcecode.c.h; path = RegisterFeatures.h; sourceTree = "<group>"; };
		AAC64F3EB20217D9421E54C7 /* Bulk_mscorlib_0.cpp */ = {isa = PBXFileReference; lastKnownFileType = sourcecode.cpp.cpp; name = Bulk_mscorlib_0.cpp; path = Classes/Native/Bulk_mscorlib_0.cpp; sourceTree = SOURCE_ROOT; };
		AAE44F0A885EAABDC5D21948 /* Il2CppDelegateWrappersManagedToNativeTable.cpp */ = {isa = PBXFileReference; lastKnownFileType = sourcecode.cpp.cpp; name = Il2CppDelegateWrappersManagedToNativeTable.cpp; path = Classes/Native/Il2CppDelegateWrappersManagedToNativeTable.cpp; sourceTree = SOURCE_ROOT; };
		AAFE69D019F187C200638316 /* UnityViewControllerListener.h */ = {isa = PBXFileReference; fileEncoding = 4; lastKnownFileType = sourcecode.c.h; path = UnityViewControllerListener.h; sourceTree = "<group>"; };
		AAFE69D119F187C200638316 /* UnityViewControllerListener.mm */ = {isa = PBXFileReference; fileEncoding = 4; lastKnownFileType = sourcecode.cpp.objcpp; path = UnityViewControllerListener.mm; sourceTree = "<group>"; };
		B1FD4ACBA59B098E9F512C7D /* libiPhone-lib.a */ = {isa = PBXFileReference; lastKnownFileType = archive.ar; name = "libiPhone-lib.a"; path = "Libraries/libiPhone-lib.a"; sourceTree = SOURCE_ROOT; };
		B74849BC82FAEC3316CB6F36 /* Bulk_System_1.cpp */ = {isa = PBXFileReference; lastKnownFileType = sourcecode.cpp.cpp; name = Bulk_System_1.cpp; path = Classes/Native/Bulk_System_1.cpp; sourceTree = SOURCE_ROOT; };
		BDBC41DB835619FABD88EBC4 /* Bulk_mscorlib_4.cpp */ = {isa = PBXFileReference; lastKnownFileType = sourcecode.cpp.cpp; name = Bulk_mscorlib_4.cpp; path = Classes/Native/Bulk_mscorlib_4.cpp; sourceTree = SOURCE_ROOT; };
		BE874443B23840B5C680E889 /* Bulk_Generics_0.cpp */ = {isa = PBXFileReference; lastKnownFileType = sourcecode.cpp.cpp; name = Bulk_Generics_0.cpp; path = Classes/Native/Bulk_Generics_0.cpp; sourceTree = SOURCE_ROOT; };
		C10649E3A9A308025203FD2B /* Compat.browser */ = {isa = PBXFileReference; lastKnownFileType = file; name = Compat.browser; path = Classes/Native/Data/etc/mono/2.0/Browsers/Compat.browser; sourceTree = SOURCE_ROOT; };
		C7AA46A9BFD7BFA4FE5931AA /* Il2CppGenericInstDefinitions.cpp */ = {isa = PBXFileReference; lastKnownFileType = sourcecode.cpp.cpp; name = Il2CppGenericInstDefinitions.cpp; path = Classes/Native/Il2CppGenericInstDefinitions.cpp; sourceTree = SOURCE_ROOT; };
		CB1C48B696029D273D9E3C9C /* LaunchScreen-iPhone.xib */ = {isa = PBXFileReference; lastKnownFileType = file.xib; path = "LaunchScreen-iPhone.xib"; sourceTree = SOURCE_ROOT; };
		CC9FCA171445D76E004F4DC3 /* QCAR */ = {isa = PBXFileReference; fileEncoding = 4; lastKnownFileType = folder; name = QCAR; path = Data/Raw/QCAR; sourceTree = SOURCE_ROOT; };
		CCE8C2B9135C7EA3000D8035 /* Security.framework */ = {isa = PBXFileReference; lastKnownFileType = wrapper.framework; name = Security.framework; path = System/Library/Frameworks/Security.framework; sourceTree = SDKROOT; };
		CEF947B4A8919AA6AF514A4A /* Bulk_mscorlib_7.cpp */ = {isa = PBXFileReference; lastKnownFileType = sourcecode.cpp.cpp; name = Bulk_mscorlib_7.cpp; path = Classes/Native/Bulk_mscorlib_7.cpp; sourceTree = SOURCE_ROOT; };
		D3134D64B38BD4A69184289D /* Bulk_mscorlib_6.cpp */ = {isa = PBXFileReference; lastKnownFileType = sourcecode.cpp.cpp; name = Bulk_mscorlib_6.cpp; path = Classes/Native/Bulk_mscorlib_6.cpp; sourceTree = SOURCE_ROOT; };
		D58F4817B1444E4973B35914 /* Il2CppGenericMethodDefinitions.cpp */ = {isa = PBXFileReference; lastKnownFileType = sourcecode.cpp.cpp; name = Il2CppGenericMethodDefinitions.cpp; path = Classes/Native/Il2CppGenericMethodDefinitions.cpp; sourceTree = SOURCE_ROOT; };
		D82DCFBB0E8000A5005D6AD8 /* main.mm */ = {isa = PBXFileReference; fileEncoding = 4; lastKnownFileType = sourcecode.cpp.objcpp; name = main.mm; path = Classes/main.mm; sourceTree = SOURCE_ROOT; };
		D8A1C7240E80637F000160D3 /* RegisterMonoModules.cpp */ = {isa = PBXFileReference; fileEncoding = 4; lastKnownFileType = sourcecode.cpp.cpp; name = RegisterMonoModules.cpp; path = Libraries/RegisterMonoModules.cpp; sourceTree = SOURCE_ROOT; };
		D8A1C7250E80637F000160D3 /* RegisterMonoModules.h */ = {isa = PBXFileReference; fileEncoding = 4; lastKnownFileType = sourcecode.c.h; name = RegisterMonoModules.h; path = Libraries/RegisterMonoModules.h; sourceTree = SOURCE_ROOT; };
		E2874623A95AEBB99231FFE7 /* GenericMethods1.cpp */ = {isa = PBXFileReference; lastKnownFileType = sourcecode.cpp.cpp; name = GenericMethods1.cpp; path = Classes/Native/GenericMethods1.cpp; sourceTree = SOURCE_ROOT; };
		E3264AAE9296E904692DB50B /* Bulk_Assembly-CSharp_0.cpp */ = {isa = PBXFileReference; lastKnownFileType = sourcecode.cpp.cpp; name = "Bulk_Assembly-CSharp_0.cpp"; path = "Classes/Native/Bulk_Assembly-CSharp_0.cpp"; sourceTree = SOURCE_ROOT; };
		E3704B59977769BCB410987C /* Bulk_Generics_4.cpp */ = {isa = PBXFileReference; lastKnownFileType = sourcecode.cpp.cpp; name = Bulk_Generics_4.cpp; path = Classes/Native/Bulk_Generics_4.cpp; sourceTree = SOURCE_ROOT; };
		E7FE4B3A8194688DF76044E3 /* Bulk_UnityEngine_1.cpp */ = {isa = PBXFileReference; lastKnownFileType = sourcecode.cpp.cpp; name = Bulk_UnityEngine_1.cpp; path = Classes/Native/Bulk_UnityEngine_1.cpp; sourceTree = SOURCE_ROOT; };
		EB0F4CE7B3FB0FD6A5C5D069 /* Bulk_mscorlib_5.cpp */ = {isa = PBXFileReference; lastKnownFileType = sourcecode.cpp.cpp; name = Bulk_mscorlib_5.cpp; path = Classes/Native/Bulk_mscorlib_5.cpp; sourceTree = SOURCE_ROOT; };
		F7374261AA210B5119D11F8D /* VuforiaRenderDelegate.mm */ = {isa = PBXFileReference; lastKnownFileType = sourcecode.cpp.objcpp; name = VuforiaRenderDelegate.mm; path = Libraries/Plugins/iOS/VuforiaRenderDelegate.mm; sourceTree = SOURCE_ROOT; };
		F7C94065A9C418ADF1C4E00A /* machine.config */ = {isa = PBXFileReference; lastKnownFileType = file; name = machine.config; path = Classes/Native/Data/etc/mono/1.0/machine.config; sourceTree = SOURCE_ROOT; };
		F7F247359BCCADE0D4DFD400 /* Il2CppCompilerCalculateTypeValuesTable.cpp */ = {isa = PBXFileReference; lastKnownFileType = sourcecode.cpp.cpp; name = Il2CppCompilerCalculateTypeValuesTable.cpp; path = Classes/Native/Il2CppCompilerCalculateTypeValuesTable.cpp; sourceTree = SOURCE_ROOT; };
		FB064DF392EAF32710552EE5 /* Il2CppMethodReferences.cpp */ = {isa = PBXFileReference; lastKnownFileType = sourcecode.cpp.cpp; name = Il2CppMethodReferences.cpp; path = Classes/Native/Il2CppMethodReferences.cpp; sourceTree = SOURCE_ROOT; };
		FBF24F3580BBE7BE9D5D1203 /* UnityClassRegistration.cpp */ = {isa = PBXFileReference; lastKnownFileType = sourcecode.cpp.cpp; name = UnityClassRegistration.cpp; path = Classes/Native/UnityClassRegistration.cpp; sourceTree = SOURCE_ROOT; };
		FC0B20A11B7A4F0B00FDFC55 /* OnDemandResources.mm */ = {isa = PBXFileReference; fileEncoding = 4; lastKnownFileType = sourcecode.cpp.objcpp; path = OnDemandResources.mm; sourceTree = "<group>"; };
		FC3D7EBE16D2621600D1BD0D /* CrashReporter.h */ = {isa = PBXFileReference; fileEncoding = 4; lastKnownFileType = sourcecode.c.h; path = CrashReporter.h; sourceTree = "<group>"; };
		FC85CCB916C3ED8000BAF7C7 /* CrashReporter.mm */ = {isa = PBXFileReference; fileEncoding = 4; lastKnownFileType = sourcecode.cpp.objcpp; path = CrashReporter.mm; sourceTree = "<group>"; };
		FC85CCBA16C3ED8000BAF7C7 /* PLCrashReporter.h */ = {isa = PBXFileReference; fileEncoding = 4; lastKnownFileType = sourcecode.c.h; path = PLCrashReporter.h; sourceTree = "<group>"; };
		FCC440FD9F8D92B2C60E29A7 /* QCARUnityPlayer.h */ = {isa = PBXFileReference; lastKnownFileType = sourcecode.c.h; name = QCARUnityPlayer.h; path = Libraries/Plugins/iOS/QCARUnityPlayer.h; sourceTree = SOURCE_ROOT; };
		FF0B42E2808011CD1BA9D4E9 /* browscap.ini */ = {isa = PBXFileReference; lastKnownFileType = file; name = browscap.ini; path = Classes/Native/Data/etc/mono/browscap.ini; sourceTree = SOURCE_ROOT; };
		FF3745D18C758428D7262585 /* UnityICallRegistration.cpp */ = {isa = PBXFileReference; lastKnownFileType = sourcecode.cpp.cpp; name = UnityICallRegistration.cpp; path = Classes/Native/UnityICallRegistration.cpp; sourceTree = SOURCE_ROOT; };
/* End PBXFileReference section */

/* Begin PBXFrameworksBuildPhase section */
		1D60588F0D05DD3D006BFB54 /* Frameworks */ = {
			isa = PBXFrameworksBuildPhase;
			buildActionMask = 2147483647;
			files = (
				CCE8C2BA135C7EA3000D8035 /* Security.framework in Frameworks */,
				AA5D99871AFAD3C800B27605 /* CoreText.framework in Frameworks */,
				8358D1B80ED1CC3700E3A684 /* AudioToolbox.framework in Frameworks */,
				7F36C11313C5C673007FBDD9 /* AVFoundation.framework in Frameworks */,
				56FD43960ED4745200FE3770 /* CFNetwork.framework in Frameworks */,
				56B7959B1442E0F20026B3DD /* CoreGraphics.framework in Frameworks */,
				5692F3DD0FA9D8E500EBA2F1 /* CoreLocation.framework in Frameworks */,
				7F36C11113C5C673007FBDD9 /* CoreMedia.framework in Frameworks */,
				56B7960F1442E1770026B3DD /* CoreMotion.framework in Frameworks */,
				7F36C11213C5C673007FBDD9 /* CoreVideo.framework in Frameworks */,
				1D60589F0D05DD5A006BFB54 /* Foundation.framework in Frameworks */,
				08B24F76137BFDFA00FBA309 /* iAd.framework in Frameworks */,
				5682F4B20F3B34FF007A219C /* MediaPlayer.framework in Frameworks */,
				83B2574C0E63022200468741 /* OpenAL.framework in Frameworks */,
				83B256E20E62FEA000468741 /* OpenGLES.framework in Frameworks */,
				83B2570B0E62FF8A00468741 /* QuartzCore.framework in Frameworks */,
				56BCBA390FCF049A0030C3B2 /* SystemConfiguration.framework in Frameworks */,
				830B5C110E5ED4C100C7819F /* UIKit.framework in Frameworks */,
				83B2574F0E63025400468741 /* libiconv.2.dylib in Frameworks */,
				81BD4647BFEEA6EDD28BA7DA /* libiPhone-lib.a in Frameworks */,
				22174CEF9F5CF751E60179A5 /* libQCARUnityPlayer.a in Frameworks */,
				B6B2406FA88B0A801EB4976D /* libVuforia.a in Frameworks */,
			);
			runOnlyForDeploymentPostprocessing = 0;
		};
		5623C57017FDCB0800090B9E /* Frameworks */ = {
			isa = PBXFrameworksBuildPhase;
			buildActionMask = 2147483647;
			files = (
				5623C57717FDCB0800090B9E /* UIKit.framework in Frameworks */,
				5623C57617FDCB0800090B9E /* Foundation.framework in Frameworks */,
			);
			runOnlyForDeploymentPostprocessing = 0;
		};
/* End PBXFrameworksBuildPhase section */

/* Begin PBXGroup section */
		19C28FACFE9D520D11CA2CBB /* Products */ = {
			isa = PBXGroup;
			children = (
				1D6058910D05DD3D006BFB54 /* Unity-Target-New.app */,
				5623C57317FDCB0800090B9E /* Unity-iPhone Tests.octest */,
			);
			name = Products;
			sourceTree = "<group>";
		};
		1EC04A49B105F6F338E35418 /* Plugins */ = {
			isa = PBXGroup;
			children = (
				ED8346B7838792AC5157599C /* iOS */,
			);
			path = Plugins;
			sourceTree = "<group>";
		};
		238643E49CD884D91269219C /* etc */ = {
			isa = PBXGroup;
			children = (
				A1FB43CDBFC0302AAC5FA267 /* mono */,
			);
			path = etc;
			sourceTree = "<group>";
		};
		28084DEEBF2A3019A2E4B74E /* Browsers */ = {
			isa = PBXGroup;
			children = (
				C10649E3A9A308025203FD2B /* Compat.browser */,
			);
			path = Browsers;
			sourceTree = "<group>";
		};
		29B97314FDCFA39411CA2CEA /* CustomTemplate */ = {
			isa = PBXGroup;
			children = (
				CC9FCA171445D76E004F4DC3 /* QCAR */,
				CCE8C2B9135C7EA3000D8035 /* Security.framework */,
				AA31BF961B55660D0013FB1B /* Data */,
				56C56C9717D6015100616839 /* Images.xcassets */,
				D82DCFB50E8000A5005D6AD8 /* Classes */,
				5623C57817FDCB0800090B9E /* Unity-iPhone Tests */,
				29B97323FDCFA39411CA2CEA /* Frameworks */,
				D8A1C7220E80637F000160D3 /* Libraries */,
				19C28FACFE9D520D11CA2CBB /* Products */,
				8D1107310486CEB800E47090 /* Info.plist */,
				83B2574E0E63025400468741 /* libiconv.2.dylib */,
				CB1C48B696029D273D9E3C9C /* LaunchScreen-iPhone.xib */,
				63BE4C0A98032D37B911AC27 /* LaunchScreen-iPhonePortrait.png */,
				33D843799E1E377E174906A9 /* LaunchScreen-iPhoneLandscape.png */,
				A8FF482FA7F7B38971C39914 /* LaunchScreen-iPad.xib */,
				584642A9BB2ABB1D12C0C3AC /* LaunchScreen-iPad.png */,
			);
			name = CustomTemplate;
			sourceTree = "<group>";
		};
		29B97323FDCFA39411CA2CEA /* Frameworks */ = {
			isa = PBXGroup;
			children = (
				AA5D99861AFAD3C800B27605 /* CoreText.framework */,
				8358D1B70ED1CC3700E3A684 /* AudioToolbox.framework */,
				7F36C11013C5C673007FBDD9 /* AVFoundation.framework */,
				56FD43950ED4745200FE3770 /* CFNetwork.framework */,
				56B7959A1442E0F20026B3DD /* CoreGraphics.framework */,
				5692F3DC0FA9D8E500EBA2F1 /* CoreLocation.framework */,
				7F36C10E13C5C673007FBDD9 /* CoreMedia.framework */,
				56B795C11442E1100026B3DD /* CoreMotion.framework */,
				7F36C10F13C5C673007FBDD9 /* CoreVideo.framework */,
				1D30AB110D05D00D00671497 /* Foundation.framework */,
				08B24F75137BFDFA00FBA309 /* iAd.framework */,
				5682F4B10F3B34FF007A219C /* MediaPlayer.framework */,
				83B2574B0E63022200468741 /* OpenAL.framework */,
				83B256E10E62FEA000468741 /* OpenGLES.framework */,
				83B2570A0E62FF8A00468741 /* QuartzCore.framework */,
				56BCBA380FCF049A0030C3B2 /* SystemConfiguration.framework */,
				830B5C100E5ED4C100C7819F /* UIKit.framework */,
				912740D788892A79F3EB0335 /* Plugins */,
			);
			name = Frameworks;
			sourceTree = "<group>";
		};
		5623C57817FDCB0800090B9E /* Unity-iPhone Tests */ = {
			isa = PBXGroup;
			children = (
				5623C57E17FDCB0900090B9E /* Unity_iPhone_Tests.m */,
				5623C57917FDCB0800090B9E /* Supporting Files */,
			);
			path = "Unity-iPhone Tests";
			sourceTree = "<group>";
		};
		5623C57917FDCB0800090B9E /* Supporting Files */ = {
			isa = PBXGroup;
			children = (
				5623C57A17FDCB0900090B9E /* Unity-iPhone Tests-Info.plist */,
				5623C57B17FDCB0900090B9E /* InfoPlist.strings */,
				5623C58017FDCB0900090B9E /* Unity-iPhone Tests-Prefix.pch */,
			);
			name = "Supporting Files";
			sourceTree = "<group>";
		};
		8A3EDDC51615B7C1001839E9 /* UI */ = {
			isa = PBXGroup;
			children = (
				8A9FCB111617295F00C05364 /* ActivityIndicator.h */,
				8A9FCB121617295F00C05364 /* ActivityIndicator.mm */,
				8A7057D0171EA29600A1332D /* iAD_Scripting.mm */,
				8A07E1041715A5AB000EDC6F /* iAD.h */,
				8A07E1051715A5AB000EDC6F /* iAD.mm */,
				8A142DC41636943E00DD87CA /* Keyboard.h */,
				8A142DC51636943E00DD87CA /* Keyboard.mm */,
				8AC71EC219E7FBA90027502F /* OrientationSupport.h */,
				8AC71EC319E7FBA90027502F /* OrientationSupport.mm */,
				8A3EDDC61615B7C1001839E9 /* SplashScreen.h */,
				8A3EDDC71615B7C1001839E9 /* SplashScreen.mm */,
				8A4815BF17A287D2003FBFD5 /* UnityAppController+ViewHandling.h */,
				8A4815C017A287D2003FBFD5 /* UnityAppController+ViewHandling.mm */,
				8A851BA516FB2F6D00E911DB /* UnityView.h */,
				8A851BA616FB2F6D00E911DB /* UnityView.mm */,
				8A21AED21622F59300AF8007 /* UnityViewControllerBase.h */,
				8A21AED31622F59300AF8007 /* UnityViewControllerBase.mm */,
			);
			path = UI;
			sourceTree = "<group>";
		};
		8A5C148F174E662D0006EB36 /* PluginBase */ = {
			isa = PBXGroup;
			children = (
				8AF7755E17997D1300341121 /* AppDelegateListener.h */,
				8AF7755F17997D1300341121 /* AppDelegateListener.mm */,
				8A292A9717992CE100409BA4 /* LifeCycleListener.h */,
				8A292A9817992CE100409BA4 /* LifeCycleListener.mm */,
				8A5C1490174E662D0006EB36 /* RenderPluginDelegate.h */,
				8A5C1491174E662D0006EB36 /* RenderPluginDelegate.mm */,
				AAFE69D019F187C200638316 /* UnityViewControllerListener.h */,
				AAFE69D119F187C200638316 /* UnityViewControllerListener.mm */,
			);
			path = PluginBase;
			sourceTree = "<group>";
		};
		8AF18FE316490981007B4420 /* Unity */ = {
			isa = PBXGroup;
			children = (
				FC0B20A11B7A4F0B00FDFC55 /* OnDemandResources.mm */,
				8ABDBCE019CAFCF700A842FF /* AVCapture.h */,
				8AC74A9419B47FEF00019D38 /* AVCapture.mm */,
				8ADCE38919C87177006F04F6 /* CameraCapture.h */,
				8ADCE38A19C87177006F04F6 /* CameraCapture.mm */,
				8A2AA93316E0978D001FB470 /* CMVideoSampling.h */,
				8A2AA93416E0978D001FB470 /* CMVideoSampling.mm */,
				8A367F5916A6D36F0012ED11 /* CVTextureCache.h */,
				8A367F5A16A6D36F0012ED11 /* CVTextureCache.mm */,
				8ACB801B177081D4005D0019 /* DeviceSettings.mm */,
				8A5E0B8F16849D1800CBB6FE /* DisplayManager.h */,
				8A5E0B9016849D1800CBB6FE /* DisplayManager.mm */,
				8A0FED471649699200E9727D /* EAGLContextHelper.h */,
				8A0FED481649699200E9727D /* EAGLContextHelper.mm */,
				8A25E6D118D767E20006A227 /* Filesystem.mm */,
				8A1FFFAB16512A9000DD0934 /* GlesHelper.h */,
				8A1FFFAC16512A9000DD0934 /* GlesHelper.mm */,
				8A6720A319EEB905006C92E0 /* InternalProfiler.cpp */,
				8A6720A419EEB905006C92E0 /* InternalProfiler.h */,
				1859EA9A19214E7B0022C3D3 /* MetalHelper.mm */,
				8A16150B1A8E4362006FA788 /* MPVideoPlayer.mm */,
				8A6137121A10B57700059EDF /* ObjCRuntime.h */,
				8A6137131A10BCA200059EDF /* ObjCRuntime.mm */,
				8A90541019EE8843003D1039 /* UnityForwardDecls.h */,
				8A851BAB16FC875E00E911DB /* UnityInterface.h */,
				8AECDC781950835600CB29E8 /* UnityMetalSupport.h */,
				8AA108C01948732900D0538B /* UnityRendering.h */,
				8AB3CB3C16D390BA00697AD5 /* VideoPlayer.h */,
				8AB3CB3D16D390BB00697AD5 /* VideoPlayer.mm */,
				8AA568AC1827DD79004969C7 /* WWWConnection.h */,
				8AA568AD1827DD79004969C7 /* WWWConnection.mm */,
			);
			path = Unity;
			sourceTree = "<group>";
		};
		912740D788892A79F3EB0335 /* Plugins */ = {
			isa = PBXGroup;
			children = (
				8B7C4FD9940F32E360C32C6A /* QCARWrapper.bundle */,
			);
			path = Plugins;
			sourceTree = "<group>";
		};
		9242495FB507F94E8A2DD2B0 /* 2.0 */ = {
			isa = PBXGroup;
			children = (
				511347E293C5C730C9270C99 /* DefaultWsdlHelpGenerator.aspx */,
				462B48A9B62905438329233F /* machine.config */,
				626A4C17A811F4B842769EA1 /* settings.map */,
				38DD4B0E93C56CB19789081F /* web.config */,
				28084DEEBF2A3019A2E4B74E /* Browsers */,
			);
			path = 2.0;
			sourceTree = "<group>";
		};
		999475211A7BC3B100178130 /* UnityAds */ = {
			isa = PBXGroup;
			children = (
				999475381A80DBC300178130 /* UnityAdsConfig.h */,
				9994751E1A7BC3AE00178130 /* UnityAdsUnityWrapper.h */,
				9994751F1A7BC3AE00178130 /* UnityAdsUnityWrapper.mm */,
			);
			name = UnityAds;
			sourceTree = "<group>";
		};
		9D344D5A93655982EF98BA9E /* mconfig */ = {
			isa = PBXGroup;
			children = (
				09174C0E8837DBCBACF15B4E /* config.xml */,
			);
			path = mconfig;
			sourceTree = "<group>";
		};
		9D9F414CAA1DC042D47078B0 /* Native */ = {
			isa = PBXGroup;
			children = (
				E3264AAE9296E904692DB50B /* Bulk_Assembly-CSharp_0.cpp */,
				1C144F6AB54125BC9402CB89 /* Bulk_Assembly-UnityScript_0.cpp */,
				BE874443B23840B5C680E889 /* Bulk_Generics_0.cpp */,
				72FC4356A080D82417A3FDE7 /* Bulk_Generics_1.cpp */,
				A7E048D5887B37ECC5CF474A /* Bulk_Generics_2.cpp */,
				A1574FBFBDC10D9F52476B94 /* Bulk_Generics_3.cpp */,
				E3704B59977769BCB410987C /* Bulk_Generics_4.cpp */,
				2F9941E2B0CBAB74DDCF05E0 /* Bulk_Generics_5.cpp */,
				61ED4E688CCC9D6F5C4F4F17 /* Bulk_Generics_6.cpp */,
				0F474F5DAF8443AC4ACBE5D6 /* Bulk_Mono.Security_0.cpp */,
				278B4561B76BDF34318163D1 /* Bulk_Mono.Security_1.cpp */,
				82884BC5A0F04E70082BB8D9 /* Bulk_Qualcomm.Vuforia.UnityExtensions_0.cpp */,
				2D204EF8B2841278281CC810 /* Bulk_Qualcomm.Vuforia.UnityExtensions_1.cpp */,
				3B4E4C41882E82DF50C9CD2B /* Bulk_System.Core_0.cpp */,
				83434046B408A9CBD7B97E35 /* Bulk_System_0.cpp */,
				B74849BC82FAEC3316CB6F36 /* Bulk_System_1.cpp */,
				6F6A421C9BCED68A7866A889 /* Bulk_UnityEngine_0.cpp */,
				E7FE4B3A8194688DF76044E3 /* Bulk_UnityEngine_1.cpp */,
				3B1F46928F6B5D9239FA34D9 /* Bulk_UnityEngine_2.cpp */,
				AAC64F3EB20217D9421E54C7 /* Bulk_mscorlib_0.cpp */,
				5D984EDCA011B0B4D290057E /* Bulk_mscorlib_1.cpp */,
				35F14235B9572FDFE40DC925 /* Bulk_mscorlib_2.cpp */,
				043E44778D8CF75EEA83D23D /* Bulk_mscorlib_3.cpp */,
				BDBC41DB835619FABD88EBC4 /* Bulk_mscorlib_4.cpp */,
				EB0F4CE7B3FB0FD6A5C5D069 /* Bulk_mscorlib_5.cpp */,
				D3134D64B38BD4A69184289D /* Bulk_mscorlib_6.cpp */,
				CEF947B4A8919AA6AF514A4A /* Bulk_mscorlib_7.cpp */,
				032B4F82A2CEA89514C264D7 /* GenericMethods0.cpp */,
				E2874623A95AEBB99231FFE7 /* GenericMethods1.cpp */,
				84E340408E155284A4A4866F /* Il2CppAttributes.cpp */,
				7F564CEAB4D0728C89DB9C9A /* Il2CppCodeRegistration.cpp */,
				F7F247359BCCADE0D4DFD400 /* Il2CppCompilerCalculateTypeValuesTable.cpp */,
				AAE44F0A885EAABDC5D21948 /* Il2CppDelegateWrappersManagedToNativeTable.cpp */,
				73794EDDBEA21CA5BFCA226E /* Il2CppGenericClassTable.cpp */,
				C7AA46A9BFD7BFA4FE5931AA /* Il2CppGenericInstDefinitions.cpp */,
				D58F4817B1444E4973B35914 /* Il2CppGenericMethodDefinitions.cpp */,
				160442E6BE2004AF1628A308 /* Il2CppGenericMethodPointerTable.cpp */,
				641A465DB81A72F9341A6430 /* Il2CppGenericMethodTable.cpp */,
				458843AF9D6BCD94DBB39293 /* Il2CppInvokerTable.cpp */,
				4E8B4204B556C30CF0FCA6D1 /* Il2CppMarshalingFunctionsTable.cpp */,
				13C443DF93784709F9C7DBA6 /* Il2CppMetadataRegistration.cpp */,
				A8B64D69ACF3F55B9FB9670D /* Il2CppMetadataUsage.cpp */,
				37B649C8A1406789968CFAB5 /* Il2CppMethodPointerTable.cpp */,
				FB064DF392EAF32710552EE5 /* Il2CppMethodReferences.cpp */,
				816E4C21B64815B40DD62876 /* Il2CppTypeDefinitions.cpp */,
				FBF24F3580BBE7BE9D5D1203 /* UnityClassRegistration.cpp */,
				FF3745D18C758428D7262585 /* UnityICallRegistration.cpp */,
				E19B4AC8B15AD4950B43F81D /* Data */,
			);
			path = Native;
			sourceTree = "<group>";
		};
		A1FB43CDBFC0302AAC5FA267 /* mono */ = {
			isa = PBXGroup;
			children = (
				FF0B42E2808011CD1BA9D4E9 /* browscap.ini */,
				03024DBEA0613009ECAEBAB0 /* config */,
				C3094D35A0C4BCED28BE1207 /* 1.0 */,
				9242495FB507F94E8A2DD2B0 /* 2.0 */,
				9D344D5A93655982EF98BA9E /* mconfig */,
			);
			path = mono;
			sourceTree = "<group>";
		};
		C3094D35A0C4BCED28BE1207 /* 1.0 */ = {
			isa = PBXGroup;
			children = (
				40A848F9803F4341B258E20C /* DefaultWsdlHelpGenerator.aspx */,
				F7C94065A9C418ADF1C4E00A /* machine.config */,
			);
			path = 1.0;
			sourceTree = "<group>";
		};
		D1434E909DE03E67F25F1EE5 /* Metadata */ = {
			isa = PBXGroup;
			children = (
				15084AF9A2969977DAA29AE9 /* global-metadata.dat */,
			);
			path = Metadata;
			sourceTree = "<group>";
		};
		D82DCFB50E8000A5005D6AD8 /* Classes */ = {
			isa = PBXGroup;
			children = (
				999475211A7BC3B100178130 /* UnityAds */,
				8A5C148F174E662D0006EB36 /* PluginBase */,
				8A3EDDC51615B7C1001839E9 /* UI */,
				8AF18FE316490981007B4420 /* Unity */,
				FC3D7EBE16D2621600D1BD0D /* CrashReporter.h */,
				FC85CCB916C3ED8000BAF7C7 /* CrashReporter.mm */,
				56DBF99E15E3CE85007A4A8D /* iPhone_Sensors.h */,
				56DBF99C15E3CDC9007A4A8D /* iPhone_Sensors.mm */,
				D82DCFBB0E8000A5005D6AD8 /* main.mm */,
				FC85CCBA16C3ED8000BAF7C7 /* PLCrashReporter.h */,
				8A6720A619EFAF25006C92E0 /* Prefix.pch */,
				8ACB801D177081F7005D0019 /* Preprocessor.h */,
				8A851BA816FB3AD000E911DB /* UnityAppController.h */,
				8A851BA916FB3AD000E911DB /* UnityAppController.mm */,
				8AA5D80017ABE9AF007B9910 /* UnityAppController+Rendering.h */,
				8AA5D80117ABE9AF007B9910 /* UnityAppController+Rendering.mm */,
				8A8D90D81A274A7800456C4E /* UnityAppController+UnityInterface.h */,
				8A8D90D91A274A7800456C4E /* UnityAppController+UnityInterface.mm */,
				8AA6ADDB17818CFD00A1C5F1 /* UnityTrampolineConfigure.h */,
				9D9F414CAA1DC042D47078B0 /* Native */,
			);
			path = Classes;
			sourceTree = SOURCE_ROOT;
		};
		D8A1C7220E80637F000160D3 /* Libraries */ = {
			isa = PBXGroup;
			children = (
				AAC3E38B1A68945900F6174A /* RegisterFeatures.cpp */,
				AAC3E38C1A68945900F6174A /* RegisterFeatures.h */,
				D8A1C7240E80637F000160D3 /* RegisterMonoModules.cpp */,
				D8A1C7250E80637F000160D3 /* RegisterMonoModules.h */,
				03F528621B447098000F4FB8 /* Il2CppOptions.cpp */,
				B1FD4ACBA59B098E9F512C7D /* libiPhone-lib.a */,
				1EC04A49B105F6F338E35418 /* Plugins */,
			);
			path = Libraries;
			sourceTree = SOURCE_ROOT;
		};
		E19B4AC8B15AD4950B43F81D /* Data */ = {
			isa = PBXGroup;
			children = (
				D1434E909DE03E67F25F1EE5 /* Metadata */,
				238643E49CD884D91269219C /* etc */,
			);
			path = Data;
			sourceTree = "<group>";
		};
		ED8346B7838792AC5157599C /* iOS */ = {
			isa = PBXGroup;
			children = (
				259740A2B5FC08869E3947E6 /* libQCARUnityPlayer.a */,
				75E1474388285E8509F1A722 /* VuforiaNativeRendererController.mm */,
				FCC440FD9F8D92B2C60E29A7 /* QCARUnityPlayer.h */,
				95D64E0E9C356B1A8D71FC84 /* libVuforia.a */,
				7576462F95F3CB9ED6A5172F /* VuforiaRenderDelegate.h */,
				F7374261AA210B5119D11F8D /* VuforiaRenderDelegate.mm */,
			);
			path = iOS;
			sourceTree = "<group>";
		};
/* End PBXGroup section */

/* Begin PBXNativeTarget section */
		1D6058900D05DD3D006BFB54 /* Unity-iPhone */ = {
			isa = PBXNativeTarget;
			buildConfigurationList = 1D6058960D05DD3E006BFB54 /* Build configuration list for PBXNativeTarget "Unity-iPhone" */;
			buildPhases = (
				1D60588D0D05DD3D006BFB54 /* Resources */,
				83D0C1FD0E6C8D7700EBCE5D /* CopyFiles */,
				1D60588E0D05DD3D006BFB54 /* Sources */,
				1D60588F0D05DD3D006BFB54 /* Frameworks */,
				033966F41B18B03000ECD701 /* ShellScript */,
			);
			buildRules = (
			);
			dependencies = (
			);
			name = "Unity-iPhone";
			productName = "iPhone-target";
			productReference = 1D6058910D05DD3D006BFB54 /* Unity-Target-New.app */;
			productType = "com.apple.product-type.application";
		};
		5623C57217FDCB0800090B9E /* Unity-iPhone Tests */ = {
			isa = PBXNativeTarget;
			buildConfigurationList = 5623C58517FDCB0900090B9E /* Build configuration list for PBXNativeTarget "Unity-iPhone Tests" */;
			buildPhases = (
				5623C56F17FDCB0800090B9E /* Sources */,
				5623C57017FDCB0800090B9E /* Frameworks */,
				5623C57117FDCB0800090B9E /* Resources */,
			);
			buildRules = (
			);
			dependencies = (
				5623C58217FDCB0900090B9E /* PBXTargetDependency */,
			);
			name = "Unity-iPhone Tests";
			productName = "Unity-iPhone Tests";
			productReference = 5623C57317FDCB0800090B9E /* Unity-iPhone Tests.octest */;
			productType = "com.apple.product-type.bundle";
		};
/* End PBXNativeTarget section */

/* Begin PBXProject section */
		29B97313FDCFA39411CA2CEA /* Project object */ = {
			isa = PBXProject;
			attributes = {
				TargetAttributes = {
					5623C57217FDCB0800090B9E = {
						TestTargetID = 1D6058900D05DD3D006BFB54;
					};
				};
			};
			buildConfigurationList = C01FCF4E08A954540054247B /* Build configuration list for PBXProject "Unity-iPhone" */;
			compatibilityVersion = "Xcode 3.2";
			developmentRegion = English;
			hasScannedForEncodings = 1;
			knownRegions = (
				English,
				Japanese,
				French,
				German,
				en,
			);
			mainGroup = 29B97314FDCFA39411CA2CEA /* CustomTemplate */;
			projectDirPath = "";
			projectRoot = "";
			targets = (
				1D6058900D05DD3D006BFB54 /* Unity-iPhone */,
				5623C57217FDCB0800090B9E /* Unity-iPhone Tests */,
			);
		};
/* End PBXProject section */

/* Begin PBXResourcesBuildPhase section */
		1D60588D0D05DD3D006BFB54 /* Resources */ = {
			isa = PBXResourcesBuildPhase;
			buildActionMask = 2147483647;
			files = (
				CC9FCA1D1445D76E004F4DC3 /* QCAR in Resources */,
				AA31BF971B55660D0013FB1B /* Data in Resources */,
				56C56C9817D6015200616839 /* Images.xcassets in Resources */,
				2FC448758AFE16B5A03F0651 /* global-metadata.dat in Resources */,
				CE974D278EED21E5CEB50088 /* browscap.ini in Resources */,
				72094628AC96B564FB9808F8 /* config in Resources */,
				AD3F4DA7AE1364E8EAC415BD /* DefaultWsdlHelpGenerator.aspx in Resources */,
				E1844098B138A057B5083705 /* machine.config in Resources */,
				38414BFF9260E6C24A1400BB /* DefaultWsdlHelpGenerator.aspx in Resources */,
				B660498891AD2243B7D69837 /* machine.config in Resources */,
				860844A5958D15478098698D /* settings.map in Resources */,
				2A5B42BF8917A71532127AFC /* web.config in Resources */,
				FAA544769798543CDB121C87 /* Compat.browser in Resources */,
				91B547E89BA21E3C708DDE11 /* config.xml in Resources */,
				CC7A434BBD7CEDAFD231DD76 /* QCARWrapper.bundle in Resources */,
				51AE46949D28C3CF08391A4A /* LaunchScreen-iPhone.xib in Resources */,
				08344FC483EC2F47D90E19A3 /* LaunchScreen-iPhonePortrait.png in Resources */,
				4A2C4A249CFE745020A9F1EA /* LaunchScreen-iPhoneLandscape.png in Resources */,
				B0C84832AE545DE5ADB31A85 /* LaunchScreen-iPad.xib in Resources */,
				52F54772AFB3EC4F01FE88D0 /* LaunchScreen-iPad.png in Resources */,
			);
			runOnlyForDeploymentPostprocessing = 0;
		};
		5623C57117FDCB0800090B9E /* Resources */ = {
			isa = PBXResourcesBuildPhase;
			buildActionMask = 2147483647;
			files = (
				5623C57D17FDCB0900090B9E,
			);
			runOnlyForDeploymentPostprocessing = 0;
		};
/* End PBXResourcesBuildPhase section */

/* Begin PBXShellScriptBuildPhase section */
		033966F41B18B03000ECD701 /* ShellScript */ = {
			isa = PBXShellScriptBuildPhase;
			buildActionMask = 2147483647;
			files = (
			);
			inputPaths = (
			);
			outputPaths = (
			);
			runOnlyForDeploymentPostprocessing = 0;
			shellPath = /bin/sh;
			shellScript = "\"$PROJECT_DIR/MapFileParser.sh\"\nrm -rf \"$TARGET_BUILD_DIR/$PRODUCT_NAME.app/Data/Raw/QCAR\"";
		};
/* End PBXShellScriptBuildPhase section */

/* Begin PBXSourcesBuildPhase section */
		1D60588E0D05DD3D006BFB54 /* Sources */ = {
			isa = PBXSourcesBuildPhase;
			buildActionMask = 2147483647;
			files = (
				D82DCFC30E8000A5005D6AD8 /* main.mm in Sources */,
				D8A1C7280E80637F000160D3 /* RegisterMonoModules.cpp in Sources */,
				8AA568AE1827DD79004969C7 /* WWWConnection.mm in Sources */,
				56DBF99D15E3CDC9007A4A8D /* iPhone_Sensors.mm in Sources */,
				8A3EDDC81615B7C1001839E9 /* SplashScreen.mm in Sources */,
				8AC71EC419E7FBA90027502F /* OrientationSupport.mm in Sources */,
				8A9FCB131617295F00C05364 /* ActivityIndicator.mm in Sources */,
				8A8D90DA1A274A7800456C4E /* UnityAppController+UnityInterface.mm in Sources */,
				8AA5D80217ABE9AF007B9910 /* UnityAppController+Rendering.mm in Sources */,
				8A21AED41622F59300AF8007 /* UnityViewControllerBase.mm in Sources */,
				8A142DC61636943E00DD87CA /* Keyboard.mm in Sources */,
				8A0FED491649699200E9727D /* EAGLContextHelper.mm in Sources */,
				AAFE69D219F187C200638316 /* UnityViewControllerListener.mm in Sources */,
				8A1FFFAD16512A9000DD0934 /* GlesHelper.mm in Sources */,
				8A5E0B9116849D1800CBB6FE /* DisplayManager.mm in Sources */,
				8A367F5B16A6D36F0012ED11 /* CVTextureCache.mm in Sources */,
				1859EA9B19214E7B0022C3D3 /* MetalHelper.mm in Sources */,
				8A16150C1A8E4362006FA788 /* MPVideoPlayer.mm in Sources */,
				FC85CCBB16C3ED8000BAF7C7 /* CrashReporter.mm in Sources */,
				8AB3CB3E16D390BB00697AD5 /* VideoPlayer.mm in Sources */,
				8A2AA93516E0978D001FB470 /* CMVideoSampling.mm in Sources */,
				8A851BA716FB2F6D00E911DB /* UnityView.mm in Sources */,
				8A851BAA16FB3AD000E911DB /* UnityAppController.mm in Sources */,
				8AC74A9519B47FEF00019D38 /* AVCapture.mm in Sources */,
				8A6720A519EEB905006C92E0 /* InternalProfiler.cpp in Sources */,
				8A6137141A10BCA200059EDF /* ObjCRuntime.mm in Sources */,
				8ADCE38B19C87177006F04F6 /* CameraCapture.mm in Sources */,
				8A4815C117A28E7F003FBFD5 /* UnityAppController+ViewHandling.mm in Sources */,
				8A07E1061715A5AB000EDC6F /* iAD.mm in Sources */,
				8A7057D1171EA29600A1332D /* iAD_Scripting.mm in Sources */,
				8A25E6D218D767E20006A227 /* Filesystem.mm in Sources */,
				999475201A7BC3AE00178130 /* UnityAdsUnityWrapper.mm in Sources */,
				8AF7755D1799329100341121 /* LifeCycleListener.mm in Sources */,
				8A5C1492174E662D0006EB36 /* RenderPluginDelegate.mm in Sources */,
				8AF7756017997D2700341121 /* AppDelegateListener.mm in Sources */,
				FC0B20A21B7A4F0B00FDFC55 /* OnDemandResources.mm in Sources */,
				AAC3E38D1A68945900F6174A /* RegisterFeatures.cpp in Sources */,
				8ACB801C177081D4005D0019 /* DeviceSettings.mm in Sources */,
				03F528631B447098000F4FB8 /* Il2CppOptions.cpp in Sources */,
				17E04A40967B626155617094 /* Bulk_Assembly-CSharp_0.cpp in Sources */,
				B7934FD79EC3E27F59711964 /* Bulk_Assembly-UnityScript_0.cpp in Sources */,
				05A740F6A3C400D790AF9156 /* Bulk_Generics_0.cpp in Sources */,
				87F34C8E966117C0A036AFC5 /* Bulk_Generics_1.cpp in Sources */,
				12894B70AD50B31BD6FF23E6 /* Bulk_Generics_2.cpp in Sources */,
				D3304B8E8A749DAED3DDCF21 /* Bulk_Generics_3.cpp in Sources */,
				64D947B7AB80EB976D685E2D /* Bulk_Generics_4.cpp in Sources */,
				363C4FF5814532263EE4855B /* Bulk_Generics_5.cpp in Sources */,
				CCD348DDA48AC16AB5B9514D /* Bulk_Generics_6.cpp in Sources */,
				A08843968D07FAB52531EC20 /* Bulk_Mono.Security_0.cpp in Sources */,
				2198485A867A07D6E4E54E77 /* Bulk_Mono.Security_1.cpp in Sources */,
				3BDC4E1A894F57FDDBC841EF /* Bulk_Qualcomm.Vuforia.UnityExtensions_0.cpp in Sources */,
				BB88458DBD37B98327BAF187 /* Bulk_Qualcomm.Vuforia.UnityExtensions_1.cpp in Sources */,
				CD38420FBCE520D416CB64FD /* Bulk_System.Core_0.cpp in Sources */,
				2ABA4C5EA4F23EC958F06F90 /* Bulk_System_0.cpp in Sources */,
				062B43E0953ED583CEB1DB0D /* Bulk_System_1.cpp in Sources */,
				DF754282B5862D7C8DDB9308 /* Bulk_UnityEngine_0.cpp in Sources */,
				A8FE4C13ACC8B332D7B61FE8 /* Bulk_UnityEngine_1.cpp in Sources */,
				B7FA4D778778745974A5DA2F /* Bulk_UnityEngine_2.cpp in Sources */,
				C7884156B14D1B5D48551468 /* Bulk_mscorlib_0.cpp in Sources */,
				CDCC4BD8BA126B5EAA3E9C59 /* Bulk_mscorlib_1.cpp in Sources */,
				10E64F5F98BC5F37C5ECA15E /* Bulk_mscorlib_2.cpp in Sources */,
				37994D77BDFA7055C1E4A498 /* Bulk_mscorlib_3.cpp in Sources */,
				DC2B4911B9563A6F860643A5 /* Bulk_mscorlib_4.cpp in Sources */,
				B9464AC3BB4D77B1C0E418C1 /* Bulk_mscorlib_5.cpp in Sources */,
				5FED4A85A20214D061A6BA91 /* Bulk_mscorlib_6.cpp in Sources */,
				9E4D4823B0977C544BB98D1E /* Bulk_mscorlib_7.cpp in Sources */,
				30DC4E69918533B1D3F19D92 /* GenericMethods0.cpp in Sources */,
				88FD4D768EC23B7EE2D329CB /* GenericMethods1.cpp in Sources */,
				EE134F46B6FA959D96C79A24 /* Il2CppAttributes.cpp in Sources */,
				E86D405D839CE6012D2CC845 /* Il2CppCodeRegistration.cpp in Sources */,
				F2544952AC882B5AAC8DAB87 /* Il2CppCompilerCalculateTypeValuesTable.cpp in Sources */,
				8B674BBDB3FF8308B042B140 /* Il2CppDelegateWrappersManagedToNativeTable.cpp in Sources */,
				37E5454687ED087DD4D6BFC8 /* Il2CppGenericClassTable.cpp in Sources */,
				04654A7687D57C1EA0BC068E /* Il2CppGenericInstDefinitions.cpp in Sources */,
				5E53475694F865679F66473E /* Il2CppGenericMethodDefinitions.cpp in Sources */,
				4C254C9FB3DEEA31130FE42F /* Il2CppGenericMethodPointerTable.cpp in Sources */,
				88F4430CA43D1A9F00DC888E /* Il2CppGenericMethodTable.cpp in Sources */,
				688F463E8C3C2A755549E774 /* Il2CppInvokerTable.cpp in Sources */,
				100044CFA165C305AC265E2E /* Il2CppMarshalingFunctionsTable.cpp in Sources */,
				AAB447E3B3D460A2FA9D3806 /* Il2CppMetadataRegistration.cpp in Sources */,
				3DCD4138BA3FECC35812D8BB /* Il2CppMetadataUsage.cpp in Sources */,
				06B34C38AF5ED961E286C685 /* Il2CppMethodPointerTable.cpp in Sources */,
				4E4048E8A182FBD19F1D7275 /* Il2CppMethodReferences.cpp in Sources */,
				1BC242829513BF78E4A51F7A /* Il2CppTypeDefinitions.cpp in Sources */,
				FD1A49CAAD03658B1E73E0FC /* UnityClassRegistration.cpp in Sources */,
				713A47DE8243846B7BE7E5D7 /* UnityICallRegistration.cpp in Sources */,
				49054D988747FBEEB72FA0DF /* VuforiaNativeRendererController.mm in Sources */,
				AC344A3E98F568D8CBE37E4D /* VuforiaRenderDelegate.mm in Sources */,
			);
			runOnlyForDeploymentPostprocessing = 0;
		};
		5623C56F17FDCB0800090B9E /* Sources */ = {
			isa = PBXSourcesBuildPhase;
			buildActionMask = 2147483647;
			files = (
				5623C57F17FDCB0900090B9E /* Unity_iPhone_Tests.m in Sources */,
			);
			runOnlyForDeploymentPostprocessing = 0;
		};
/* End PBXSourcesBuildPhase section */

/* Begin PBXTargetDependency section */
		5623C58217FDCB0900090B9E /* PBXTargetDependency */ = {
			isa = PBXTargetDependency;
			target = 1D6058900D05DD3D006BFB54 /* Unity-iPhone */;
			targetProxy = 5623C58117FDCB0900090B9E /* PBXContainerItemProxy */;
		};
/* End PBXTargetDependency section */

/* Begin PBXVariantGroup section */
		5623C57B17FDCB0900090B9E /* InfoPlist.strings */ = {
			isa = PBXVariantGroup;
			children = (
				5623C57C17FDCB0900090B9E /* en */,
			);
			name = InfoPlist.strings;
			sourceTree = "<group>";
		};
/* End PBXVariantGroup section */

/* Begin XCBuildConfiguration section */
		1D6058940D05DD3E006BFB54 /* Debug */ = {
			isa = XCBuildConfiguration;
			buildSettings = {
				ALWAYS_SEARCH_USER_PATHS = NO;
				ARCHS = "armv7 arm64";
				ASSETCATALOG_COMPILER_APPICON_NAME = AppIcon;
				ASSETCATALOG_COMPILER_LAUNCHIMAGE_NAME = LaunchImage;
				CLANG_CXX_LANGUAGE_STANDARD = "c++0x";
				CLANG_CXX_LIBRARY = "libc++";
				CLANG_ENABLE_OBJC_ARC = YES;
				CLANG_WARN_DEPRECATED_OBJC_IMPLEMENTATIONS = YES;
				COPY_PHASE_STRIP = NO;
				ENABLE_BITCODE = NO;
				FRAMEWORK_SEARCH_PATHS = "$(inherited)";
				GCC_DYNAMIC_NO_PIC = NO;
				GCC_ENABLE_CPP_EXCEPTIONS = YES;
				GCC_OPTIMIZATION_LEVEL = 0;
				GCC_PRECOMPILE_PREFIX_HEADER = YES;
				GCC_PREFIX_HEADER = Classes/Prefix.pch;
				GCC_USE_INDIRECT_FUNCTION_CALLS = NO;
				HEADER_SEARCH_PATHS = (
					"$(SRCROOT)/Libraries",
					"\"$(SRCROOT)/Classes\"",
					"\"$(SRCROOT)\"",
					"$(SRCROOT)/Classes/Native",
					"$(SRCROOT)/Libraries/bdwgc/include",
					"$(SRCROOT)/Libraries/libil2cpp/include",
				);
				INFOPLIST_FILE = Info.plist;
				IPHONEOS_DEPLOYMENT_TARGET = 6.0;
				LD_GENERATE_MAP_FILE = YES;
				LIBRARY_SEARCH_PATHS = (
					"$(inherited)",
					"\"$(SRCROOT)\"",
					"\"$(SRCROOT)/Libraries\"",
					"$(SRCROOT)/Libraries/Plugins/iOS",
				);
				ONLY_ACTIVE_ARCH = YES;
				OTHER_CFLAGS = "-DINIT_SCRIPTING_BACKEND=1";
				OTHER_LDFLAGS = (
					"-lc++",
					"-weak_framework",
					CoreMotion,
					"-weak-lSystem",
				);
				PRODUCT_NAME = ProductName;
				SDKROOT = iphoneos;
				SUPPORTED_PLATFORMS = iphoneos;
				TARGETED_DEVICE_FAMILY = "1,2";
				UNITY_RUNTIME_VERSION = 5.2.2f1;
				UNITY_SCRIPTING_BACKEND = il2cpp;
			};
			name = Debug;
		};
		1D6058950D05DD3E006BFB54 /* Release */ = {
			isa = XCBuildConfiguration;
			buildSettings = {
				ALWAYS_SEARCH_USER_PATHS = NO;
				ARCHS = "armv7 arm64";
				ASSETCATALOG_COMPILER_APPICON_NAME = AppIcon;
				ASSETCATALOG_COMPILER_LAUNCHIMAGE_NAME = LaunchImage;
				CLANG_CXX_LANGUAGE_STANDARD = "c++0x";
				CLANG_CXX_LIBRARY = "libc++";
				CLANG_ENABLE_OBJC_ARC = YES;
				CLANG_WARN_DEPRECATED_OBJC_IMPLEMENTATIONS = YES;
				COPY_PHASE_STRIP = YES;
				ENABLE_BITCODE = NO;
				FRAMEWORK_SEARCH_PATHS = "$(inherited)";
				GCC_ENABLE_CPP_EXCEPTIONS = YES;
				GCC_PRECOMPILE_PREFIX_HEADER = YES;
				GCC_PREFIX_HEADER = Classes/Prefix.pch;
				HEADER_SEARCH_PATHS = (
					"$(SRCROOT)/Libraries",
					"\"$(SRCROOT)/Classes\"",
					"\"$(SRCROOT)\"",
					"$(SRCROOT)/Classes/Native",
					"$(SRCROOT)/Libraries/bdwgc/include",
					"$(SRCROOT)/Libraries/libil2cpp/include",
				);
				INFOPLIST_FILE = Info.plist;
				IPHONEOS_DEPLOYMENT_TARGET = 6.0;
				LD_GENERATE_MAP_FILE = YES;
				LIBRARY_SEARCH_PATHS = (
					"$(inherited)",
					"\"$(SRCROOT)\"",
					"\"$(SRCROOT)/Libraries\"",
					"$(SRCROOT)/Libraries/Plugins/iOS",
				);
				ONLY_ACTIVE_ARCH = NO;
				OTHER_CFLAGS = "-DINIT_SCRIPTING_BACKEND=1";
				OTHER_LDFLAGS = (
					"-lc++",
					"-weak_framework",
					CoreMotion,
					"-weak-lSystem",
				);
				PRODUCT_NAME = ProductName;
				SDKROOT = iphoneos;
				SUPPORTED_PLATFORMS = iphoneos;
				TARGETED_DEVICE_FAMILY = "1,2";
				UNITY_RUNTIME_VERSION = 5.2.2f1;
				UNITY_SCRIPTING_BACKEND = il2cpp;
			};
			name = Release;
		};
		5623C58317FDCB0900090B9E /* Release */ = {
			isa = XCBuildConfiguration;
			buildSettings = {
				ALWAYS_SEARCH_USER_PATHS = NO;
				ARCHS = "armv7 arm64";
				BUNDLE_LOADER = "$(BUILD_DIR)/$(CONFIGURATION)$(EFFECTIVE_PLATFORM_NAME)/$(PRODUCT_NAME).app/$(PRODUCT_NAME)";
				CLANG_CXX_LANGUAGE_STANDARD = "gnu++0x";
				CLANG_CXX_LIBRARY = "libc++";
				CLANG_ENABLE_MODULES = YES;
				CLANG_ENABLE_OBJC_ARC = YES;
				CLANG_WARN_BOOL_CONVERSION = YES;
				CLANG_WARN_CONSTANT_CONVERSION = YES;
				CLANG_WARN_DIRECT_OBJC_ISA_USAGE = YES_ERROR;
				CLANG_WARN_EMPTY_BODY = YES;
				CLANG_WARN_ENUM_CONVERSION = YES;
				CLANG_WARN_INT_CONVERSION = YES;
				CLANG_WARN_OBJC_ROOT_CLASS = YES_ERROR;
				CLANG_WARN__DUPLICATE_METHOD_MATCH = YES;
				COPY_PHASE_STRIP = YES;
				ENABLE_NS_ASSERTIONS = NO;
				FRAMEWORK_SEARCH_PATHS = "$(inherited)";
				GCC_C_LANGUAGE_STANDARD = gnu99;
				GCC_PRECOMPILE_PREFIX_HEADER = YES;
				GCC_PREFIX_HEADER = "Unity-iPhone Tests/Unity-iPhone Tests-Prefix.pch";
				GCC_WARN_64_TO_32_BIT_CONVERSION = YES;
				GCC_WARN_ABOUT_RETURN_TYPE = YES_ERROR;
				GCC_WARN_UNDECLARED_SELECTOR = YES;
				GCC_WARN_UNINITIALIZED_AUTOS = YES;
				GCC_WARN_UNUSED_FUNCTION = YES;
				INFOPLIST_FILE = "Unity-iPhone Tests/Unity-iPhone Tests-Info.plist";
				IPHONEOS_DEPLOYMENT_TARGET = 6.0;
				LD_GENERATE_MAP_FILE = YES;
				LIBRARY_SEARCH_PATHS = "$(SRCROOT)/Libraries/Plugins/iOS";
				PRODUCT_NAME = ProductName;
				SDKROOT = iphoneos;
				SUPPORTED_PLATFORMS = iphoneos;
				TARGETED_DEVICE_FAMILY = "1,2";
				TEST_HOST = "$(BUNDLE_LOADER)";
				UNITY_RUNTIME_VERSION = 5.2.2f1;
				UNITY_SCRIPTING_BACKEND = il2cpp;
				VALIDATE_PRODUCT = YES;
				WRAPPER_EXTENSION = octest;
			};
			name = Release;
		};
		5623C58417FDCB0900090B9E /* Debug */ = {
			isa = XCBuildConfiguration;
			buildSettings = {
				ALWAYS_SEARCH_USER_PATHS = NO;
				ARCHS = "armv7 arm64";
				BUNDLE_LOADER = "$(BUILD_DIR)/$(CONFIGURATION)$(EFFECTIVE_PLATFORM_NAME)/$(PRODUCT_NAME).app/$(PRODUCT_NAME)";
				CLANG_CXX_LANGUAGE_STANDARD = "gnu++0x";
				CLANG_CXX_LIBRARY = "libc++";
				CLANG_ENABLE_MODULES = YES;
				CLANG_ENABLE_OBJC_ARC = YES;
				CLANG_WARN_BOOL_CONVERSION = YES;
				CLANG_WARN_CONSTANT_CONVERSION = YES;
				CLANG_WARN_DIRECT_OBJC_ISA_USAGE = YES_ERROR;
				CLANG_WARN_EMPTY_BODY = YES;
				CLANG_WARN_ENUM_CONVERSION = YES;
				CLANG_WARN_INT_CONVERSION = YES;
				CLANG_WARN_OBJC_ROOT_CLASS = YES_ERROR;
				CLANG_WARN__DUPLICATE_METHOD_MATCH = YES;
				COPY_PHASE_STRIP = NO;
				FRAMEWORK_SEARCH_PATHS = "$(inherited)";
				GCC_C_LANGUAGE_STANDARD = gnu99;
				GCC_DYNAMIC_NO_PIC = NO;
				GCC_OPTIMIZATION_LEVEL = 0;
				GCC_PRECOMPILE_PREFIX_HEADER = YES;
				GCC_PREFIX_HEADER = "Unity-iPhone Tests/Unity-iPhone Tests-Prefix.pch";
				GCC_PREPROCESSOR_DEFINITIONS = (
					"DEBUG=1",
					"$(inherited)",
				);
				GCC_SYMBOLS_PRIVATE_EXTERN = NO;
				GCC_WARN_64_TO_32_BIT_CONVERSION = YES;
				GCC_WARN_ABOUT_RETURN_TYPE = YES_ERROR;
				GCC_WARN_UNDECLARED_SELECTOR = YES;
				GCC_WARN_UNINITIALIZED_AUTOS = YES;
				GCC_WARN_UNUSED_FUNCTION = YES;
				INFOPLIST_FILE = "Unity-iPhone Tests/Unity-iPhone Tests-Info.plist";
				IPHONEOS_DEPLOYMENT_TARGET = 6.0;
				LD_GENERATE_MAP_FILE = YES;
				LIBRARY_SEARCH_PATHS = "$(SRCROOT)/Libraries/Plugins/iOS";
				ONLY_ACTIVE_ARCH = YES;
				PRODUCT_NAME = ProductName;
				SDKROOT = iphoneos;
				SUPPORTED_PLATFORMS = iphoneos;
				TARGETED_DEVICE_FAMILY = "1,2";
				TEST_HOST = "$(BUNDLE_LOADER)";
				UNITY_RUNTIME_VERSION = 5.2.2f1;
				UNITY_SCRIPTING_BACKEND = il2cpp;
				WRAPPER_EXTENSION = octest;
			};
			name = Debug;
		};
		C01FCF4F08A954540054247B /* Debug */ = {
			isa = XCBuildConfiguration;
			buildSettings = {
				ARCHS = armv7;
				"CODE_SIGN_IDENTITY[sdk=iphoneos*]" = "iPhone Developer";
				DEBUG_INFORMATION_FORMAT = dwarf;
				ENABLE_BITCODE = NO;
				GCC_C_LANGUAGE_STANDARD = c99;
				GCC_ENABLE_CPP_EXCEPTIONS = NO;
				GCC_ENABLE_CPP_RTTI = NO;
				GCC_ENABLE_OBJC_EXCEPTIONS = NO;
				GCC_THUMB_SUPPORT = NO;
				GCC_USE_INDIRECT_FUNCTION_CALLS = YES;
				GCC_WARN_ABOUT_RETURN_TYPE = YES;
				GCC_WARN_UNUSED_VARIABLE = YES;
				ONLY_ACTIVE_ARCH = NO;
				OTHER_LDFLAGS = "";
				SDKROOT = iphoneos;
				SUPPORTED_PLATFORMS = iphoneos;
			};
			name = Debug;
		};
		C01FCF5008A954540054247B /* Release */ = {
			isa = XCBuildConfiguration;
			buildSettings = {
				ARCHS = armv7;
				"CODE_SIGN_IDENTITY[sdk=iphoneos*]" = "iPhone Developer";
				ENABLE_BITCODE = NO;
				GCC_C_LANGUAGE_STANDARD = c99;
				GCC_ENABLE_CPP_EXCEPTIONS = NO;
				GCC_ENABLE_CPP_RTTI = NO;
				GCC_ENABLE_OBJC_EXCEPTIONS = NO;
				GCC_THUMB_SUPPORT = NO;
				GCC_USE_INDIRECT_FUNCTION_CALLS = NO;
				GCC_WARN_ABOUT_RETURN_TYPE = YES;
				GCC_WARN_UNUSED_VARIABLE = YES;
				SDKROOT = iphoneos;
				SUPPORTED_PLATFORMS = iphoneos;
			};
			name = Release;
		};
/* End XCBuildConfiguration section */

/* Begin XCConfigurationList section */
		1D6058960D05DD3E006BFB54 /* Build configuration list for PBXNativeTarget "Unity-iPhone" */ = {
			isa = XCConfigurationList;
			buildConfigurations = (
				1D6058950D05DD3E006BFB54 /* Release */,
				1D6058940D05DD3E006BFB54 /* Debug */,
			);
			defaultConfigurationIsVisible = 0;
			defaultConfigurationName = Release;
		};
		5623C58517FDCB0900090B9E /* Build configuration list for PBXNativeTarget "Unity-iPhone Tests" */ = {
			isa = XCConfigurationList;
			buildConfigurations = (
				5623C58317FDCB0900090B9E /* Release */,
				5623C58417FDCB0900090B9E /* Debug */,
			);
			defaultConfigurationIsVisible = 0;
			defaultConfigurationName = Release;
		};
		C01FCF4E08A954540054247B /* Build configuration list for PBXProject "Unity-iPhone" */ = {
			isa = XCConfigurationList;
			buildConfigurations = (
				C01FCF5008A954540054247B /* Release */,
				C01FCF4F08A954540054247B /* Debug */,
			);
			defaultConfigurationIsVisible = 0;
			defaultConfigurationName = Release;
		};
/* End XCConfigurationList section */
	};
	rootObject = 29B97313FDCFA39411CA2CEA /* Project object */;
}
